// !$*UTF8*$!
{
	archiveVersion = 1;
	classes = {
	};
	objectVersion = 46;
	objects = {

/* Begin PBXFileReference section */
		05110D301A92232700375D5D /* Makefile */ = {isa = PBXFileReference; fileEncoding = 4; lastKnownFileType = sourcecode.make; path = Makefile; sourceTree = "<group>"; };
		05110D311A92232700375D5D /* README.md */ = {isa = PBXFileReference; fileEncoding = 4; lastKnownFileType = net.daringfireball.markdown; path = README.md; sourceTree = "<group>"; };
		05110D341A92232700375D5D /* __XEOS_Lib_C99_AssertFail.c */ = {isa = PBXFileReference; fileEncoding = 4; lastKnownFileType = sourcecode.c.c; path = __XEOS_Lib_C99_AssertFail.c; sourceTree = "<group>"; };
		05110D361A92232700375D5D /* isalnum.c */ = {isa = PBXFileReference; fileEncoding = 4; lastKnownFileType = sourcecode.c.c; path = isalnum.c; sourceTree = "<group>"; };
		05110D371A92232700375D5D /* isalpha.c */ = {isa = PBXFileReference; fileEncoding = 4; lastKnownFileType = sourcecode.c.c; path = isalpha.c; sourceTree = "<group>"; };
		05110D381A92232700375D5D /* isblank.c */ = {isa = PBXFileReference; fileEncoding = 4; lastKnownFileType = sourcecode.c.c; path = isblank.c; sourceTree = "<group>"; };
		05110D391A92232700375D5D /* iscntrl.c */ = {isa = PBXFileReference; fileEncoding = 4; lastKnownFileType = sourcecode.c.c; path = iscntrl.c; sourceTree = "<group>"; };
		05110D3A1A92232700375D5D /* isdigit.c */ = {isa = PBXFileReference; fileEncoding = 4; lastKnownFileType = sourcecode.c.c; path = isdigit.c; sourceTree = "<group>"; };
		05110D3B1A92232700375D5D /* isgraph.c */ = {isa = PBXFileReference; fileEncoding = 4; lastKnownFileType = sourcecode.c.c; path = isgraph.c; sourceTree = "<group>"; };
		05110D3C1A92232700375D5D /* islower.c */ = {isa = PBXFileReference; fileEncoding = 4; lastKnownFileType = sourcecode.c.c; path = islower.c; sourceTree = "<group>"; };
		05110D3D1A92232700375D5D /* isprint.c */ = {isa = PBXFileReference; fileEncoding = 4; lastKnownFileType = sourcecode.c.c; path = isprint.c; sourceTree = "<group>"; };
		05110D3E1A92232700375D5D /* ispunct.c */ = {isa = PBXFileReference; fileEncoding = 4; lastKnownFileType = sourcecode.c.c; path = ispunct.c; sourceTree = "<group>"; };
		05110D3F1A92232700375D5D /* isspace.c */ = {isa = PBXFileReference; fileEncoding = 4; lastKnownFileType = sourcecode.c.c; path = isspace.c; sourceTree = "<group>"; };
		05110D401A92232700375D5D /* isupper.c */ = {isa = PBXFileReference; fileEncoding = 4; lastKnownFileType = sourcecode.c.c; path = isupper.c; sourceTree = "<group>"; };
		05110D411A92232700375D5D /* isxdigit.c */ = {isa = PBXFileReference; fileEncoding = 4; lastKnownFileType = sourcecode.c.c; path = isxdigit.c; sourceTree = "<group>"; };
		05110D421A92232700375D5D /* tolower.c */ = {isa = PBXFileReference; fileEncoding = 4; lastKnownFileType = sourcecode.c.c; path = tolower.c; sourceTree = "<group>"; };
		05110D431A92232700375D5D /* toupper.c */ = {isa = PBXFileReference; fileEncoding = 4; lastKnownFileType = sourcecode.c.c; path = toupper.c; sourceTree = "<group>"; };
		05110D451A92232700375D5D /* __errno.c */ = {isa = PBXFileReference; fileEncoding = 4; lastKnownFileType = sourcecode.c.c; path = __errno.c; sourceTree = "<group>"; };
		05110D471A92232700375D5D /* __fenv.c */ = {isa = PBXFileReference; fileEncoding = 4; lastKnownFileType = sourcecode.c.c; path = __fenv.c; sourceTree = "<group>"; };
		05110D481A92232700375D5D /* feclearexcept.c */ = {isa = PBXFileReference; fileEncoding = 4; lastKnownFileType = sourcecode.c.c; path = feclearexcept.c; sourceTree = "<group>"; };
		05110D491A92232700375D5D /* fegetenv.c */ = {isa = PBXFileReference; fileEncoding = 4; lastKnownFileType = sourcecode.c.c; path = fegetenv.c; sourceTree = "<group>"; };
		05110D4A1A92232700375D5D /* fegetexceptflag.c */ = {isa = PBXFileReference; fileEncoding = 4; lastKnownFileType = sourcecode.c.c; path = fegetexceptflag.c; sourceTree = "<group>"; };
		05110D4B1A92232700375D5D /* fegetround.c */ = {isa = PBXFileReference; fileEncoding = 4; lastKnownFileType = sourcecode.c.c; path = fegetround.c; sourceTree = "<group>"; };
		05110D4C1A92232700375D5D /* feholdexcept.c */ = {isa = PBXFileReference; fileEncoding = 4; lastKnownFileType = sourcecode.c.c; path = feholdexcept.c; sourceTree = "<group>"; };
		05110D4D1A92232700375D5D /* feraiseexcept.c */ = {isa = PBXFileReference; fileEncoding = 4; lastKnownFileType = sourcecode.c.c; path = feraiseexcept.c; sourceTree = "<group>"; };
		05110D4E1A92232700375D5D /* fesetenv.c */ = {isa = PBXFileReference; fileEncoding = 4; lastKnownFileType = sourcecode.c.c; path = fesetenv.c; sourceTree = "<group>"; };
		05110D4F1A92232700375D5D /* fesetexceptflag.c */ = {isa = PBXFileReference; fileEncoding = 4; lastKnownFileType = sourcecode.c.c; path = fesetexceptflag.c; sourceTree = "<group>"; };
		05110D501A92232700375D5D /* fesetround.c */ = {isa = PBXFileReference; fileEncoding = 4; lastKnownFileType = sourcecode.c.c; path = fesetround.c; sourceTree = "<group>"; };
		05110D511A92232700375D5D /* fetestexcept.c */ = {isa = PBXFileReference; fileEncoding = 4; lastKnownFileType = sourcecode.c.c; path = fetestexcept.c; sourceTree = "<group>"; };
		05110D521A92232700375D5D /* feupdateenv.c */ = {isa = PBXFileReference; fileEncoding = 4; lastKnownFileType = sourcecode.c.c; path = feupdateenv.c; sourceTree = "<group>"; };
		05110D541A92232700375D5D /* localeconv.c */ = {isa = PBXFileReference; fileEncoding = 4; lastKnownFileType = sourcecode.c.c; path = localeconv.c; sourceTree = "<group>"; };
		05110D551A92232700375D5D /* setlocale.c */ = {isa = PBXFileReference; fileEncoding = 4; lastKnownFileType = sourcecode.c.c; path = setlocale.c; sourceTree = "<group>"; };
		05110D571A92232700375D5D /* __libc_math_errhandling.c */ = {isa = PBXFileReference; fileEncoding = 4; lastKnownFileType = sourcecode.c.c; path = __libc_math_errhandling.c; sourceTree = "<group>"; };
		05110D581A92232700375D5D /* __libc_math_fpclassify_d.c */ = {isa = PBXFileReference; fileEncoding = 4; lastKnownFileType = sourcecode.c.c; path = __libc_math_fpclassify_d.c; sourceTree = "<group>"; };
		05110D591A92232700375D5D /* __libc_math_fpclassify_f.c */ = {isa = PBXFileReference; fileEncoding = 4; lastKnownFileType = sourcecode.c.c; path = __libc_math_fpclassify_f.c; sourceTree = "<group>"; };
		05110D5A1A92232700375D5D /* __libc_math_fpclassify_l.c */ = {isa = PBXFileReference; fileEncoding = 4; lastKnownFileType = sourcecode.c.c; path = __libc_math_fpclassify_l.c; sourceTree = "<group>"; };
		05110D5B1A92232700375D5D /* __libc_math_isfinite_d.c */ = {isa = PBXFileReference; fileEncoding = 4; lastKnownFileType = sourcecode.c.c; path = __libc_math_isfinite_d.c; sourceTree = "<group>"; };
		05110D5C1A92232700375D5D /* __libc_math_isfinite_f.c */ = {isa = PBXFileReference; fileEncoding = 4; lastKnownFileType = sourcecode.c.c; path = __libc_math_isfinite_f.c; sourceTree = "<group>"; };
		05110D5D1A92232700375D5D /* __libc_math_isfinite_l.c */ = {isa = PBXFileReference; fileEncoding = 4; lastKnownFileType = sourcecode.c.c; path = __libc_math_isfinite_l.c; sourceTree = "<group>"; };
		05110D5E1A92232700375D5D /* __libc_math_isgreater.c */ = {isa = PBXFileReference; fileEncoding = 4; lastKnownFileType = sourcecode.c.c; path = __libc_math_isgreater.c; sourceTree = "<group>"; };
		05110D5F1A92232700375D5D /* __libc_math_isinf_d.c */ = {isa = PBXFileReference; fileEncoding = 4; lastKnownFileType = sourcecode.c.c; path = __libc_math_isinf_d.c; sourceTree = "<group>"; };
		05110D601A92232700375D5D /* __libc_math_isinf_f.c */ = {isa = PBXFileReference; fileEncoding = 4; lastKnownFileType = sourcecode.c.c; path = __libc_math_isinf_f.c; sourceTree = "<group>"; };
		05110D611A92232700375D5D /* __libc_math_isinf_l.c */ = {isa = PBXFileReference; fileEncoding = 4; lastKnownFileType = sourcecode.c.c; path = __libc_math_isinf_l.c; sourceTree = "<group>"; };
		05110D621A92232700375D5D /* __libc_math_isless.c */ = {isa = PBXFileReference; fileEncoding = 4; lastKnownFileType = sourcecode.c.c; path = __libc_math_isless.c; sourceTree = "<group>"; };
		05110D631A92232700375D5D /* __libc_math_islessequal.c */ = {isa = PBXFileReference; fileEncoding = 4; lastKnownFileType = sourcecode.c.c; path = __libc_math_islessequal.c; sourceTree = "<group>"; };
		05110D641A92232700375D5D /* __libc_math_islessgreater.c */ = {isa = PBXFileReference; fileEncoding = 4; lastKnownFileType = sourcecode.c.c; path = __libc_math_islessgreater.c; sourceTree = "<group>"; };
		05110D651A92232700375D5D /* __libc_math_isnan_d.c */ = {isa = PBXFileReference; fileEncoding = 4; lastKnownFileType = sourcecode.c.c; path = __libc_math_isnan_d.c; sourceTree = "<group>"; };
		05110D661A92232700375D5D /* __libc_math_isnan_f.c */ = {isa = PBXFileReference; fileEncoding = 4; lastKnownFileType = sourcecode.c.c; path = __libc_math_isnan_f.c; sourceTree = "<group>"; };
		05110D671A92232700375D5D /* __libc_math_isnan_l.c */ = {isa = PBXFileReference; fileEncoding = 4; lastKnownFileType = sourcecode.c.c; path = __libc_math_isnan_l.c; sourceTree = "<group>"; };
		05110D681A92232700375D5D /* __libc_math_isnormal_d.c */ = {isa = PBXFileReference; fileEncoding = 4; lastKnownFileType = sourcecode.c.c; path = __libc_math_isnormal_d.c; sourceTree = "<group>"; };
		05110D691A92232700375D5D /* __libc_math_isnormal_f.c */ = {isa = PBXFileReference; fileEncoding = 4; lastKnownFileType = sourcecode.c.c; path = __libc_math_isnormal_f.c; sourceTree = "<group>"; };
		05110D6A1A92232700375D5D /* __libc_math_isnormal_l.c */ = {isa = PBXFileReference; fileEncoding = 4; lastKnownFileType = sourcecode.c.c; path = __libc_math_isnormal_l.c; sourceTree = "<group>"; };
		05110D6B1A92232700375D5D /* __libc_math_isunordered.c */ = {isa = PBXFileReference; fileEncoding = 4; lastKnownFileType = sourcecode.c.c; path = __libc_math_isunordered.c; sourceTree = "<group>"; };
		05110D6C1A92232700375D5D /* __libc_math_signbit_d.c */ = {isa = PBXFileReference; fileEncoding = 4; lastKnownFileType = sourcecode.c.c; path = __libc_math_signbit_d.c; sourceTree = "<group>"; };
		05110D6D1A92232700375D5D /* __libc_math_signbit_f.c */ = {isa = PBXFileReference; fileEncoding = 4; lastKnownFileType = sourcecode.c.c; path = __libc_math_signbit_f.c; sourceTree = "<group>"; };
		05110D6E1A92232700375D5D /* __libc_math_signbit_l.c */ = {isa = PBXFileReference; fileEncoding = 4; lastKnownFileType = sourcecode.c.c; path = __libc_math_signbit_l.c; sourceTree = "<group>"; };
		05110D6F1A92232700375D5D /* acos.c */ = {isa = PBXFileReference; fileEncoding = 4; lastKnownFileType = sourcecode.c.c; path = acos.c; sourceTree = "<group>"; };
		05110D701A92232700375D5D /* acosf.c */ = {isa = PBXFileReference; fileEncoding = 4; lastKnownFileType = sourcecode.c.c; path = acosf.c; sourceTree = "<group>"; };
		05110D711A92232700375D5D /* acosh.c */ = {isa = PBXFileReference; fileEncoding = 4; lastKnownFileType = sourcecode.c.c; path = acosh.c; sourceTree = "<group>"; };
		05110D721A92232700375D5D /* acoshf.c */ = {isa = PBXFileReference; fileEncoding = 4; lastKnownFileType = sourcecode.c.c; path = acoshf.c; sourceTree = "<group>"; };
		05110D731A92232700375D5D /* acoshl.c */ = {isa = PBXFileReference; fileEncoding = 4; lastKnownFileType = sourcecode.c.c; path = acoshl.c; sourceTree = "<group>"; };
		05110D741A92232700375D5D /* acosl.c */ = {isa = PBXFileReference; fileEncoding = 4; lastKnownFileType = sourcecode.c.c; path = acosl.c; sourceTree = "<group>"; };
		05110D751A92232700375D5D /* asin.c */ = {isa = PBXFileReference; fileEncoding = 4; lastKnownFileType = sourcecode.c.c; path = asin.c; sourceTree = "<group>"; };
		05110D761A92232700375D5D /* asinf.c */ = {isa = PBXFileReference; fileEncoding = 4; lastKnownFileType = sourcecode.c.c; path = asinf.c; sourceTree = "<group>"; };
		05110D771A92232700375D5D /* asinh.c */ = {isa = PBXFileReference; fileEncoding = 4; lastKnownFileType = sourcecode.c.c; path = asinh.c; sourceTree = "<group>"; };
		05110D781A92232700375D5D /* asinhf.c */ = {isa = PBXFileReference; fileEncoding = 4; lastKnownFileType = sourcecode.c.c; path = asinhf.c; sourceTree = "<group>"; };
		05110D791A92232700375D5D /* asinhl.c */ = {isa = PBXFileReference; fileEncoding = 4; lastKnownFileType = sourcecode.c.c; path = asinhl.c; sourceTree = "<group>"; };
		05110D7A1A92232700375D5D /* asinl.c */ = {isa = PBXFileReference; fileEncoding = 4; lastKnownFileType = sourcecode.c.c; path = asinl.c; sourceTree = "<group>"; };
		05110D7B1A92232700375D5D /* atan.c */ = {isa = PBXFileReference; fileEncoding = 4; lastKnownFileType = sourcecode.c.c; path = atan.c; sourceTree = "<group>"; };
		05110D7C1A92232700375D5D /* atan2.c */ = {isa = PBXFileReference; fileEncoding = 4; lastKnownFileType = sourcecode.c.c; path = atan2.c; sourceTree = "<group>"; };
		05110D7D1A92232700375D5D /* atan2f.c */ = {isa = PBXFileReference; fileEncoding = 4; lastKnownFileType = sourcecode.c.c; path = atan2f.c; sourceTree = "<group>"; };
		05110D7E1A92232700375D5D /* atan2l.c */ = {isa = PBXFileReference; fileEncoding = 4; lastKnownFileType = sourcecode.c.c; path = atan2l.c; sourceTree = "<group>"; };
		05110D7F1A92232700375D5D /* atanf.c */ = {isa = PBXFileReference; fileEncoding = 4; lastKnownFileType = sourcecode.c.c; path = atanf.c; sourceTree = "<group>"; };
		05110D801A92232700375D5D /* atanh.c */ = {isa = PBXFileReference; fileEncoding = 4; lastKnownFileType = sourcecode.c.c; path = atanh.c; sourceTree = "<group>"; };
		05110D811A92232700375D5D /* atanhf.c */ = {isa = PBXFileReference; fileEncoding = 4; lastKnownFileType = sourcecode.c.c; path = atanhf.c; sourceTree = "<group>"; };
		05110D821A92232700375D5D /* atanhl.c */ = {isa = PBXFileReference; fileEncoding = 4; lastKnownFileType = sourcecode.c.c; path = atanhl.c; sourceTree = "<group>"; };
		05110D831A92232700375D5D /* atanl.c */ = {isa = PBXFileReference; fileEncoding = 4; lastKnownFileType = sourcecode.c.c; path = atanl.c; sourceTree = "<group>"; };
		05110D841A92232700375D5D /* cbrt.c */ = {isa = PBXFileReference; fileEncoding = 4; lastKnownFileType = sourcecode.c.c; path = cbrt.c; sourceTree = "<group>"; };
		05110D851A92232700375D5D /* cbrtf.c */ = {isa = PBXFileReference; fileEncoding = 4; lastKnownFileType = sourcecode.c.c; path = cbrtf.c; sourceTree = "<group>"; };
		05110D861A92232700375D5D /* cbrtl.c */ = {isa = PBXFileReference; fileEncoding = 4; lastKnownFileType = sourcecode.c.c; path = cbrtl.c; sourceTree = "<group>"; };
		05110D871A92232700375D5D /* ceil.c */ = {isa = PBXFileReference; fileEncoding = 4; lastKnownFileType = sourcecode.c.c; path = ceil.c; sourceTree = "<group>"; };
		05110D881A92232700375D5D /* ceilf.c */ = {isa = PBXFileReference; fileEncoding = 4; lastKnownFileType = sourcecode.c.c; path = ceilf.c; sourceTree = "<group>"; };
		05110D891A92232700375D5D /* ceill.c */ = {isa = PBXFileReference; fileEncoding = 4; lastKnownFileType = sourcecode.c.c; path = ceill.c; sourceTree = "<group>"; };
		05110D8A1A92232700375D5D /* copysign.c */ = {isa = PBXFileReference; fileEncoding = 4; lastKnownFileType = sourcecode.c.c; path = copysign.c; sourceTree = "<group>"; };
		05110D8B1A92232700375D5D /* copysignf.c */ = {isa = PBXFileReference; fileEncoding = 4; lastKnownFileType = sourcecode.c.c; path = copysignf.c; sourceTree = "<group>"; };
		05110D8C1A92232700375D5D /* copysignl.c */ = {isa = PBXFileReference; fileEncoding = 4; lastKnownFileType = sourcecode.c.c; path = copysignl.c; sourceTree = "<group>"; };
		05110D8D1A92232700375D5D /* cos.c */ = {isa = PBXFileReference; fileEncoding = 4; lastKnownFileType = sourcecode.c.c; path = cos.c; sourceTree = "<group>"; };
		05110D8E1A92232700375D5D /* cosf.c */ = {isa = PBXFileReference; fileEncoding = 4; lastKnownFileType = sourcecode.c.c; path = cosf.c; sourceTree = "<group>"; };
		05110D8F1A92232700375D5D /* cosh.c */ = {isa = PBXFileReference; fileEncoding = 4; lastKnownFileType = sourcecode.c.c; path = cosh.c; sourceTree = "<group>"; };
		05110D901A92232700375D5D /* coshf.c */ = {isa = PBXFileReference; fileEncoding = 4; lastKnownFileType = sourcecode.c.c; path = coshf.c; sourceTree = "<group>"; };
		05110D911A92232700375D5D /* coshl.c */ = {isa = PBXFileReference; fileEncoding = 4; lastKnownFileType = sourcecode.c.c; path = coshl.c; sourceTree = "<group>"; };
		05110D921A92232700375D5D /* cosl.c */ = {isa = PBXFileReference; fileEncoding = 4; lastKnownFileType = sourcecode.c.c; path = cosl.c; sourceTree = "<group>"; };
		05110D931A92232700375D5D /* erf.c */ = {isa = PBXFileReference; fileEncoding = 4; lastKnownFileType = sourcecode.c.c; path = erf.c; sourceTree = "<group>"; };
		05110D941A92232700375D5D /* erfc.c */ = {isa = PBXFileReference; fileEncoding = 4; lastKnownFileType = sourcecode.c.c; path = erfc.c; sourceTree = "<group>"; };
		05110D951A92232700375D5D /* erfcf.c */ = {isa = PBXFileReference; fileEncoding = 4; lastKnownFileType = sourcecode.c.c; path = erfcf.c; sourceTree = "<group>"; };
		05110D961A92232700375D5D /* erfcl.c */ = {isa = PBXFileReference; fileEncoding = 4; lastKnownFileType = sourcecode.c.c; path = erfcl.c; sourceTree = "<group>"; };
		05110D971A92232700375D5D /* erff.c */ = {isa = PBXFileReference; fileEncoding = 4; lastKnownFileType = sourcecode.c.c; path = erff.c; sourceTree = "<group>"; };
		05110D981A92232700375D5D /* erfl.c */ = {isa = PBXFileReference; fileEncoding = 4; lastKnownFileType = sourcecode.c.c; path = erfl.c; sourceTree = "<group>"; };
		05110D991A92232700375D5D /* exp.c */ = {isa = PBXFileReference; fileEncoding = 4; lastKnownFileType = sourcecode.c.c; path = exp.c; sourceTree = "<group>"; };
		05110D9A1A92232700375D5D /* exp2.c */ = {isa = PBXFileReference; fileEncoding = 4; lastKnownFileType = sourcecode.c.c; path = exp2.c; sourceTree = "<group>"; };
		05110D9B1A92232700375D5D /* exp2f.c */ = {isa = PBXFileReference; fileEncoding = 4; lastKnownFileType = sourcecode.c.c; path = exp2f.c; sourceTree = "<group>"; };
		05110D9C1A92232700375D5D /* exp2l.c */ = {isa = PBXFileReference; fileEncoding = 4; lastKnownFileType = sourcecode.c.c; path = exp2l.c; sourceTree = "<group>"; };
		05110D9D1A92232700375D5D /* expf.c */ = {isa = PBXFileReference; fileEncoding = 4; lastKnownFileType = sourcecode.c.c; path = expf.c; sourceTree = "<group>"; };
		05110D9E1A92232700375D5D /* expl.c */ = {isa = PBXFileReference; fileEncoding = 4; lastKnownFileType = sourcecode.c.c; path = expl.c; sourceTree = "<group>"; };
		05110D9F1A92232700375D5D /* expm1.c */ = {isa = PBXFileReference; fileEncoding = 4; lastKnownFileType = sourcecode.c.c; path = expm1.c; sourceTree = "<group>"; };
		05110DA01A92232700375D5D /* expm1f.c */ = {isa = PBXFileReference; fileEncoding = 4; lastKnownFileType = sourcecode.c.c; path = expm1f.c; sourceTree = "<group>"; };
		05110DA11A92232700375D5D /* expm1l.c */ = {isa = PBXFileReference; fileEncoding = 4; lastKnownFileType = sourcecode.c.c; path = expm1l.c; sourceTree = "<group>"; };
		05110DA21A92232700375D5D /* fabs.c */ = {isa = PBXFileReference; fileEncoding = 4; lastKnownFileType = sourcecode.c.c; path = fabs.c; sourceTree = "<group>"; };
		05110DA31A92232700375D5D /* fabsf.c */ = {isa = PBXFileReference; fileEncoding = 4; lastKnownFileType = sourcecode.c.c; path = fabsf.c; sourceTree = "<group>"; };
		05110DA41A92232700375D5D /* fabsl.c */ = {isa = PBXFileReference; fileEncoding = 4; lastKnownFileType = sourcecode.c.c; path = fabsl.c; sourceTree = "<group>"; };
		05110DA51A92232700375D5D /* fdim.c */ = {isa = PBXFileReference; fileEncoding = 4; lastKnownFileType = sourcecode.c.c; path = fdim.c; sourceTree = "<group>"; };
		05110DA61A92232700375D5D /* fdimf.c */ = {isa = PBXFileReference; fileEncoding = 4; lastKnownFileType = sourcecode.c.c; path = fdimf.c; sourceTree = "<group>"; };
		05110DA71A92232700375D5D /* fdiml.c */ = {isa = PBXFileReference; fileEncoding = 4; lastKnownFileType = sourcecode.c.c; path = fdiml.c; sourceTree = "<group>"; };
		05110DA81A92232700375D5D /* floor.c */ = {isa = PBXFileReference; fileEncoding = 4; lastKnownFileType = sourcecode.c.c; path = floor.c; sourceTree = "<group>"; };
		05110DA91A92232700375D5D /* floorf.c */ = {isa = PBXFileReference; fileEncoding = 4; lastKnownFileType = sourcecode.c.c; path = floorf.c; sourceTree = "<group>"; };
		05110DAA1A92232700375D5D /* floorl.c */ = {isa = PBXFileReference; fileEncoding = 4; lastKnownFileType = sourcecode.c.c; path = floorl.c; sourceTree = "<group>"; };
		05110DAB1A92232700375D5D /* fma.c */ = {isa = PBXFileReference; fileEncoding = 4; lastKnownFileType = sourcecode.c.c; path = fma.c; sourceTree = "<group>"; };
		05110DAC1A92232700375D5D /* fmaf.c */ = {isa = PBXFileReference; fileEncoding = 4; lastKnownFileType = sourcecode.c.c; path = fmaf.c; sourceTree = "<group>"; };
		05110DAD1A92232700375D5D /* fmal.c */ = {isa = PBXFileReference; fileEncoding = 4; lastKnownFileType = sourcecode.c.c; path = fmal.c; sourceTree = "<group>"; };
		05110DAE1A92232700375D5D /* fmax.c */ = {isa = PBXFileReference; fileEncoding = 4; lastKnownFileType = sourcecode.c.c; path = fmax.c; sourceTree = "<group>"; };
		05110DAF1A92232700375D5D /* fmaxf.c */ = {isa = PBXFileReference; fileEncoding = 4; lastKnownFileType = sourcecode.c.c; path = fmaxf.c; sourceTree = "<group>"; };
		05110DB01A92232700375D5D /* fmaxl.c */ = {isa = PBXFileReference; fileEncoding = 4; lastKnownFileType = sourcecode.c.c; path = fmaxl.c; sourceTree = "<group>"; };
		05110DB11A92232700375D5D /* fmin.c */ = {isa = PBXFileReference; fileEncoding = 4; lastKnownFileType = sourcecode.c.c; path = fmin.c; sourceTree = "<group>"; };
		05110DB21A92232700375D5D /* fminf.c */ = {isa = PBXFileReference; fileEncoding = 4; lastKnownFileType = sourcecode.c.c; path = fminf.c; sourceTree = "<group>"; };
		05110DB31A92232700375D5D /* fminl.c */ = {isa = PBXFileReference; fileEncoding = 4; lastKnownFileType = sourcecode.c.c; path = fminl.c; sourceTree = "<group>"; };
		05110DB41A92232700375D5D /* fmod.c */ = {isa = PBXFileReference; fileEncoding = 4; lastKnownFileType = sourcecode.c.c; path = fmod.c; sourceTree = "<group>"; };
		05110DB51A92232700375D5D /* fmodf.c */ = {isa = PBXFileReference; fileEncoding = 4; lastKnownFileType = sourcecode.c.c; path = fmodf.c; sourceTree = "<group>"; };
		05110DB61A92232700375D5D /* fmodl.c */ = {isa = PBXFileReference; fileEncoding = 4; lastKnownFileType = sourcecode.c.c; path = fmodl.c; sourceTree = "<group>"; };
		05110DB71A92232700375D5D /* frexp.c */ = {isa = PBXFileReference; fileEncoding = 4; lastKnownFileType = sourcecode.c.c; path = frexp.c; sourceTree = "<group>"; };
		05110DB81A92232700375D5D /* frexpf.c */ = {isa = PBXFileReference; fileEncoding = 4; lastKnownFileType = sourcecode.c.c; path = frexpf.c; sourceTree = "<group>"; };
		05110DB91A92232700375D5D /* frexpl.c */ = {isa = PBXFileReference; fileEncoding = 4; lastKnownFileType = sourcecode.c.c; path = frexpl.c; sourceTree = "<group>"; };
		05110DBA1A92232700375D5D /* hypot.c */ = {isa = PBXFileReference; fileEncoding = 4; lastKnownFileType = sourcecode.c.c; path = hypot.c; sourceTree = "<group>"; };
		05110DBB1A92232700375D5D /* hypotf.c */ = {isa = PBXFileReference; fileEncoding = 4; lastKnownFileType = sourcecode.c.c; path = hypotf.c; sourceTree = "<group>"; };
		05110DBC1A92232700375D5D /* hypotl.c */ = {isa = PBXFileReference; fileEncoding = 4; lastKnownFileType = sourcecode.c.c; path = hypotl.c; sourceTree = "<group>"; };
		05110DBD1A92232700375D5D /* ilogb.c */ = {isa = PBXFileReference; fileEncoding = 4; lastKnownFileType = sourcecode.c.c; path = ilogb.c; sourceTree = "<group>"; };
		05110DBE1A92232700375D5D /* ilogbf.c */ = {isa = PBXFileReference; fileEncoding = 4; lastKnownFileType = sourcecode.c.c; path = ilogbf.c; sourceTree = "<group>"; };
		05110DBF1A92232700375D5D /* ilogbl.c */ = {isa = PBXFileReference; fileEncoding = 4; lastKnownFileType = sourcecode.c.c; path = ilogbl.c; sourceTree = "<group>"; };
		05110DC01A92232700375D5D /* ldexp.c */ = {isa = PBXFileReference; fileEncoding = 4; lastKnownFileType = sourcecode.c.c; path = ldexp.c; sourceTree = "<group>"; };
		05110DC11A92232700375D5D /* ldexpf.c */ = {isa = PBXFileReference; fileEncoding = 4; lastKnownFileType = sourcecode.c.c; path = ldexpf.c; sourceTree = "<group>"; };
		05110DC21A92232700375D5D /* ldexpl.c */ = {isa = PBXFileReference; fileEncoding = 4; lastKnownFileType = sourcecode.c.c; path = ldexpl.c; sourceTree = "<group>"; };
		05110DC31A92232700375D5D /* lgamma.c */ = {isa = PBXFileReference; fileEncoding = 4; lastKnownFileType = sourcecode.c.c; path = lgamma.c; sourceTree = "<group>"; };
		05110DC41A92232700375D5D /* lgammaf.c */ = {isa = PBXFileReference; fileEncoding = 4; lastKnownFileType = sourcecode.c.c; path = lgammaf.c; sourceTree = "<group>"; };
		05110DC51A92232700375D5D /* lgammal.c */ = {isa = PBXFileReference; fileEncoding = 4; lastKnownFileType = sourcecode.c.c; path = lgammal.c; sourceTree = "<group>"; };
		05110DC61A92232700375D5D /* llrint.c */ = {isa = PBXFileReference; fileEncoding = 4; lastKnownFileType = sourcecode.c.c; path = llrint.c; sourceTree = "<group>"; };
		05110DC71A92232700375D5D /* llrintf.c */ = {isa = PBXFileReference; fileEncoding = 4; lastKnownFileType = sourcecode.c.c; path = llrintf.c; sourceTree = "<group>"; };
		05110DC81A92232700375D5D /* llrintl.c */ = {isa = PBXFileReference; fileEncoding = 4; lastKnownFileType = sourcecode.c.c; path = llrintl.c; sourceTree = "<group>"; };
		05110DC91A92232700375D5D /* llround.c */ = {isa = PBXFileReference; fileEncoding = 4; lastKnownFileType = sourcecode.c.c; path = llround.c; sourceTree = "<group>"; };
		05110DCA1A92232700375D5D /* llroundf.c */ = {isa = PBXFileReference; fileEncoding = 4; lastKnownFileType = sourcecode.c.c; path = llroundf.c; sourceTree = "<group>"; };
		05110DCB1A92232700375D5D /* llroundl.c */ = {isa = PBXFileReference; fileEncoding = 4; lastKnownFileType = sourcecode.c.c; path = llroundl.c; sourceTree = "<group>"; };
		05110DCC1A92232700375D5D /* log.c */ = {isa = PBXFileReference; fileEncoding = 4; lastKnownFileType = sourcecode.c.c; path = log.c; sourceTree = "<group>"; };
		05110DCD1A92232700375D5D /* log10.c */ = {isa = PBXFileReference; fileEncoding = 4; lastKnownFileType = sourcecode.c.c; path = log10.c; sourceTree = "<group>"; };
		05110DCE1A92232700375D5D /* log10f.c */ = {isa = PBXFileReference; fileEncoding = 4; lastKnownFileType = sourcecode.c.c; path = log10f.c; sourceTree = "<group>"; };
		05110DCF1A92232700375D5D /* log10l.c */ = {isa = PBXFileReference; fileEncoding = 4; lastKnownFileType = sourcecode.c.c; path = log10l.c; sourceTree = "<group>"; };
		05110DD01A92232700375D5D /* log1p.c */ = {isa = PBXFileReference; fileEncoding = 4; lastKnownFileType = sourcecode.c.c; path = log1p.c; sourceTree = "<group>"; };
		05110DD11A92232700375D5D /* log1pf.c */ = {isa = PBXFileReference; fileEncoding = 4; lastKnownFileType = sourcecode.c.c; path = log1pf.c; sourceTree = "<group>"; };
		05110DD21A92232700375D5D /* log1pl.c */ = {isa = PBXFileReference; fileEncoding = 4; lastKnownFileType = sourcecode.c.c; path = log1pl.c; sourceTree = "<group>"; };
		05110DD31A92232700375D5D /* log2.c */ = {isa = PBXFileReference; fileEncoding = 4; lastKnownFileType = sourcecode.c.c; path = log2.c; sourceTree = "<group>"; };
		05110DD41A92232700375D5D /* log2f.c */ = {isa = PBXFileReference; fileEncoding = 4; lastKnownFileType = sourcecode.c.c; path = log2f.c; sourceTree = "<group>"; };
		05110DD51A92232700375D5D /* log2l.c */ = {isa = PBXFileReference; fileEncoding = 4; lastKnownFileType = sourcecode.c.c; path = log2l.c; sourceTree = "<group>"; };
		05110DD61A92232700375D5D /* logb.c */ = {isa = PBXFileReference; fileEncoding = 4; lastKnownFileType = sourcecode.c.c; path = logb.c; sourceTree = "<group>"; };
		05110DD71A92232700375D5D /* logbf.c */ = {isa = PBXFileReference; fileEncoding = 4; lastKnownFileType = sourcecode.c.c; path = logbf.c; sourceTree = "<group>"; };
		05110DD81A92232700375D5D /* logbl.c */ = {isa = PBXFileReference; fileEncoding = 4; lastKnownFileType = sourcecode.c.c; path = logbl.c; sourceTree = "<group>"; };
		05110DD91A92232700375D5D /* logf.c */ = {isa = PBXFileReference; fileEncoding = 4; lastKnownFileType = sourcecode.c.c; path = logf.c; sourceTree = "<group>"; };
		05110DDA1A92232700375D5D /* logl.c */ = {isa = PBXFileReference; fileEncoding = 4; lastKnownFileType = sourcecode.c.c; path = logl.c; sourceTree = "<group>"; };
		05110DDB1A92232700375D5D /* lrint.c */ = {isa = PBXFileReference; fileEncoding = 4; lastKnownFileType = sourcecode.c.c; path = lrint.c; sourceTree = "<group>"; };
		05110DDC1A92232700375D5D /* lrintf.c */ = {isa = PBXFileReference; fileEncoding = 4; lastKnownFileType = sourcecode.c.c; path = lrintf.c; sourceTree = "<group>"; };
		05110DDD1A92232700375D5D /* lrintl.c */ = {isa = PBXFileReference; fileEncoding = 4; lastKnownFileType = sourcecode.c.c; path = lrintl.c; sourceTree = "<group>"; };
		05110DDE1A92232700375D5D /* lround.c */ = {isa = PBXFileReference; fileEncoding = 4; lastKnownFileType = sourcecode.c.c; path = lround.c; sourceTree = "<group>"; };
		05110DDF1A92232700375D5D /* lroundf.c */ = {isa = PBXFileReference; fileEncoding = 4; lastKnownFileType = sourcecode.c.c; path = lroundf.c; sourceTree = "<group>"; };
		05110DE01A92232700375D5D /* lroundl.c */ = {isa = PBXFileReference; fileEncoding = 4; lastKnownFileType = sourcecode.c.c; path = lroundl.c; sourceTree = "<group>"; };
		05110DE11A92232700375D5D /* modf.c */ = {isa = PBXFileReference; fileEncoding = 4; lastKnownFileType = sourcecode.c.c; path = modf.c; sourceTree = "<group>"; };
		05110DE21A92232700375D5D /* modff.c */ = {isa = PBXFileReference; fileEncoding = 4; lastKnownFileType = sourcecode.c.c; path = modff.c; sourceTree = "<group>"; };
		05110DE31A92232700375D5D /* modfl.c */ = {isa = PBXFileReference; fileEncoding = 4; lastKnownFileType = sourcecode.c.c; path = modfl.c; sourceTree = "<group>"; };
		05110DE41A92232700375D5D /* nan.c */ = {isa = PBXFileReference; fileEncoding = 4; lastKnownFileType = sourcecode.c.c; path = nan.c; sourceTree = "<group>"; };
		05110DE51A92232700375D5D /* nanf.c */ = {isa = PBXFileReference; fileEncoding = 4; lastKnownFileType = sourcecode.c.c; path = nanf.c; sourceTree = "<group>"; };
		05110DE61A92232700375D5D /* nanl.c */ = {isa = PBXFileReference; fileEncoding = 4; lastKnownFileType = sourcecode.c.c; path = nanl.c; sourceTree = "<group>"; };
		05110DE71A92232700375D5D /* nearbyint.c */ = {isa = PBXFileReference; fileEncoding = 4; lastKnownFileType = sourcecode.c.c; path = nearbyint.c; sourceTree = "<group>"; };
		05110DE81A92232700375D5D /* nearbyintf.c */ = {isa = PBXFileReference; fileEncoding = 4; lastKnownFileType = sourcecode.c.c; path = nearbyintf.c; sourceTree = "<group>"; };
		05110DE91A92232700375D5D /* nearbyintl.c */ = {isa = PBXFileReference; fileEncoding = 4; lastKnownFileType = sourcecode.c.c; path = nearbyintl.c; sourceTree = "<group>"; };
		05110DEA1A92232700375D5D /* nextafter.c */ = {isa = PBXFileReference; fileEncoding = 4; lastKnownFileType = sourcecode.c.c; path = nextafter.c; sourceTree = "<group>"; };
		05110DEB1A92232700375D5D /* nextafterf.c */ = {isa = PBXFileReference; fileEncoding = 4; lastKnownFileType = sourcecode.c.c; path = nextafterf.c; sourceTree = "<group>"; };
		05110DEC1A92232700375D5D /* nextafterl.c */ = {isa = PBXFileReference; fileEncoding = 4; lastKnownFileType = sourcecode.c.c; path = nextafterl.c; sourceTree = "<group>"; };
		05110DED1A92232700375D5D /* nexttoward.c */ = {isa = PBXFileReference; fileEncoding = 4; lastKnownFileType = sourcecode.c.c; path = nexttoward.c; sourceTree = "<group>"; };
		05110DEE1A92232700375D5D /* nexttowardf.c */ = {isa = PBXFileReference; fileEncoding = 4; lastKnownFileType = sourcecode.c.c; path = nexttowardf.c; sourceTree = "<group>"; };
		05110DEF1A92232700375D5D /* nexttowardl.c */ = {isa = PBXFileReference; fileEncoding = 4; lastKnownFileType = sourcecode.c.c; path = nexttowardl.c; sourceTree = "<group>"; };
		05110DF01A92232700375D5D /* pow.c */ = {isa = PBXFileReference; fileEncoding = 4; lastKnownFileType = sourcecode.c.c; path = pow.c; sourceTree = "<group>"; };
		05110DF11A92232700375D5D /* powf.c */ = {isa = PBXFileReference; fileEncoding = 4; lastKnownFileType = sourcecode.c.c; path = powf.c; sourceTree = "<group>"; };
		05110DF21A92232700375D5D /* powl.c */ = {isa = PBXFileReference; fileEncoding = 4; lastKnownFileType = sourcecode.c.c; path = powl.c; sourceTree = "<group>"; };
		05110DF31A92232700375D5D /* remainder.c */ = {isa = PBXFileReference; fileEncoding = 4; lastKnownFileType = sourcecode.c.c; path = remainder.c; sourceTree = "<group>"; };
		05110DF41A92232700375D5D /* remainderf.c */ = {isa = PBXFileReference; fileEncoding = 4; lastKnownFileType = sourcecode.c.c; path = remainderf.c; sourceTree = "<group>"; };
		05110DF51A92232700375D5D /* remainderl.c */ = {isa = PBXFileReference; fileEncoding = 4; lastKnownFileType = sourcecode.c.c; path = remainderl.c; sourceTree = "<group>"; };
		05110DF61A92232700375D5D /* remquo.c */ = {isa = PBXFileReference; fileEncoding = 4; lastKnownFileType = sourcecode.c.c; path = remquo.c; sourceTree = "<group>"; };
		05110DF71A92232700375D5D /* remquof.c */ = {isa = PBXFileReference; fileEncoding = 4; lastKnownFileType = sourcecode.c.c; path = remquof.c; sourceTree = "<group>"; };
		05110DF81A92232700375D5D /* remquol.c */ = {isa = PBXFileReference; fileEncoding = 4; lastKnownFileType = sourcecode.c.c; path = remquol.c; sourceTree = "<group>"; };
		05110DF91A92232700375D5D /* rint.c */ = {isa = PBXFileReference; fileEncoding = 4; lastKnownFileType = sourcecode.c.c; path = rint.c; sourceTree = "<group>"; };
		05110DFA1A92232700375D5D /* rintf.c */ = {isa = PBXFileReference; fileEncoding = 4; lastKnownFileType = sourcecode.c.c; path = rintf.c; sourceTree = "<group>"; };
		05110DFB1A92232700375D5D /* rintl.c */ = {isa = PBXFileReference; fileEncoding = 4; lastKnownFileType = sourcecode.c.c; path = rintl.c; sourceTree = "<group>"; };
		05110DFC1A92232700375D5D /* round.c */ = {isa = PBXFileReference; fileEncoding = 4; lastKnownFileType = sourcecode.c.c; path = round.c; sourceTree = "<group>"; };
		05110DFD1A92232700375D5D /* roundf.c */ = {isa = PBXFileReference; fileEncoding = 4; lastKnownFileType = sourcecode.c.c; path = roundf.c; sourceTree = "<group>"; };
		05110DFE1A92232700375D5D /* roundl.c */ = {isa = PBXFileReference; fileEncoding = 4; lastKnownFileType = sourcecode.c.c; path = roundl.c; sourceTree = "<group>"; };
		05110DFF1A92232700375D5D /* scalbln.c */ = {isa = PBXFileReference; fileEncoding = 4; lastKnownFileType = sourcecode.c.c; path = scalbln.c; sourceTree = "<group>"; };
		05110E001A92232700375D5D /* scalblnf.c */ = {isa = PBXFileReference; fileEncoding = 4; lastKnownFileType = sourcecode.c.c; path = scalblnf.c; sourceTree = "<group>"; };
		05110E011A92232700375D5D /* scalblnl.c */ = {isa = PBXFileReference; fileEncoding = 4; lastKnownFileType = sourcecode.c.c; path = scalblnl.c; sourceTree = "<group>"; };
		05110E021A92232700375D5D /* scalbn.c */ = {isa = PBXFileReference; fileEncoding = 4; lastKnownFileType = sourcecode.c.c; path = scalbn.c; sourceTree = "<group>"; };
		05110E031A92232700375D5D /* scalbnf.c */ = {isa = PBXFileReference; fileEncoding = 4; lastKnownFileType = sourcecode.c.c; path = scalbnf.c; sourceTree = "<group>"; };
		05110E041A92232700375D5D /* scalbnl.c */ = {isa = PBXFileReference; fileEncoding = 4; lastKnownFileType = sourcecode.c.c; path = scalbnl.c; sourceTree = "<group>"; };
		05110E051A92232700375D5D /* sin.c */ = {isa = PBXFileReference; fileEncoding = 4; lastKnownFileType = sourcecode.c.c; path = sin.c; sourceTree = "<group>"; };
		05110E061A92232700375D5D /* sinf.c */ = {isa = PBXFileReference; fileEncoding = 4; lastKnownFileType = sourcecode.c.c; path = sinf.c; sourceTree = "<group>"; };
		05110E071A92232700375D5D /* sinh.c */ = {isa = PBXFileReference; fileEncoding = 4; lastKnownFileType = sourcecode.c.c; path = sinh.c; sourceTree = "<group>"; };
		05110E081A92232700375D5D /* sinhf.c */ = {isa = PBXFileReference; fileEncoding = 4; lastKnownFileType = sourcecode.c.c; path = sinhf.c; sourceTree = "<group>"; };
		05110E091A92232700375D5D /* sinhl.c */ = {isa = PBXFileReference; fileEncoding = 4; lastKnownFileType = sourcecode.c.c; path = sinhl.c; sourceTree = "<group>"; };
		05110E0A1A92232700375D5D /* sinl.c */ = {isa = PBXFileReference; fileEncoding = 4; lastKnownFileType = sourcecode.c.c; path = sinl.c; sourceTree = "<group>"; };
		05110E0B1A92232700375D5D /* sqrt.c */ = {isa = PBXFileReference; fileEncoding = 4; lastKnownFileType = sourcecode.c.c; path = sqrt.c; sourceTree = "<group>"; };
		05110E0C1A92232700375D5D /* sqrtf.c */ = {isa = PBXFileReference; fileEncoding = 4; lastKnownFileType = sourcecode.c.c; path = sqrtf.c; sourceTree = "<group>"; };
		05110E0D1A92232700375D5D /* sqrtl.c */ = {isa = PBXFileReference; fileEncoding = 4; lastKnownFileType = sourcecode.c.c; path = sqrtl.c; sourceTree = "<group>"; };
		05110E0E1A92232700375D5D /* tan.c */ = {isa = PBXFileReference; fileEncoding = 4; lastKnownFileType = sourcecode.c.c; path = tan.c; sourceTree = "<group>"; };
		05110E0F1A92232700375D5D /* tanf.c */ = {isa = PBXFileReference; fileEncoding = 4; lastKnownFileType = sourcecode.c.c; path = tanf.c; sourceTree = "<group>"; };
		05110E101A92232700375D5D /* tanh.c */ = {isa = PBXFileReference; fileEncoding = 4; lastKnownFileType = sourcecode.c.c; path = tanh.c; sourceTree = "<group>"; };
		05110E111A92232700375D5D /* tanhf.c */ = {isa = PBXFileReference; fileEncoding = 4; lastKnownFileType = sourcecode.c.c; path = tanhf.c; sourceTree = "<group>"; };
		05110E121A92232700375D5D /* tanhl.c */ = {isa = PBXFileReference; fileEncoding = 4; lastKnownFileType = sourcecode.c.c; path = tanhl.c; sourceTree = "<group>"; };
		05110E131A92232700375D5D /* tanl.c */ = {isa = PBXFileReference; fileEncoding = 4; lastKnownFileType = sourcecode.c.c; path = tanl.c; sourceTree = "<group>"; };
		05110E141A92232700375D5D /* tgamma.c */ = {isa = PBXFileReference; fileEncoding = 4; lastKnownFileType = sourcecode.c.c; path = tgamma.c; sourceTree = "<group>"; };
		05110E151A92232700375D5D /* tgammaf.c */ = {isa = PBXFileReference; fileEncoding = 4; lastKnownFileType = sourcecode.c.c; path = tgammaf.c; sourceTree = "<group>"; };
		05110E161A92232700375D5D /* tgammal.c */ = {isa = PBXFileReference; fileEncoding = 4; lastKnownFileType = sourcecode.c.c; path = tgammal.c; sourceTree = "<group>"; };
		05110E171A92232700375D5D /* trunc.c */ = {isa = PBXFileReference; fileEncoding = 4; lastKnownFileType = sourcecode.c.c; path = trunc.c; sourceTree = "<group>"; };
		05110E181A92232700375D5D /* truncf.c */ = {isa = PBXFileReference; fileEncoding = 4; lastKnownFileType = sourcecode.c.c; path = truncf.c; sourceTree = "<group>"; };
		05110E191A92232700375D5D /* truncl.c */ = {isa = PBXFileReference; fileEncoding = 4; lastKnownFileType = sourcecode.c.c; path = truncl.c; sourceTree = "<group>"; };
		05110E1B1A92232700375D5D /* longjmp.c */ = {isa = PBXFileReference; fileEncoding = 4; lastKnownFileType = sourcecode.c.c; path = longjmp.c; sourceTree = "<group>"; };
		05110E1C1A92232700375D5D /* setjmp.c */ = {isa = PBXFileReference; fileEncoding = 4; lastKnownFileType = sourcecode.c.c; path = setjmp.c; sourceTree = "<group>"; };
		05110E1E1A92232700375D5D /* raise.c */ = {isa = PBXFileReference; fileEncoding = 4; lastKnownFileType = sourcecode.c.c; path = raise.c; sourceTree = "<group>"; };
		05110E1F1A92232700375D5D /* signal.c */ = {isa = PBXFileReference; fileEncoding = 4; lastKnownFileType = sourcecode.c.c; path = signal.c; sourceTree = "<group>"; };
		05110E211A92232700375D5D /* __stdio.c */ = {isa = PBXFileReference; fileEncoding = 4; lastKnownFileType = sourcecode.c.c; path = __stdio.c; sourceTree = "<group>"; };
		05110E221A92232700375D5D /* clearerr.c */ = {isa = PBXFileReference; fileEncoding = 4; lastKnownFileType = sourcecode.c.c; path = clearerr.c; sourceTree = "<group>"; };
		05110E231A92232700375D5D /* fclose.c */ = {isa = PBXFileReference; fileEncoding = 4; lastKnownFileType = sourcecode.c.c; path = fclose.c; sourceTree = "<group>"; };
		05110E241A92232700375D5D /* feof.c */ = {isa = PBXFileReference; fileEncoding = 4; lastKnownFileType = sourcecode.c.c; path = feof.c; sourceTree = "<group>"; };
		05110E251A92232700375D5D /* ferror.c */ = {isa = PBXFileReference; fileEncoding = 4; lastKnownFileType = sourcecode.c.c; path = ferror.c; sourceTree = "<group>"; };
		05110E261A92232700375D5D /* fflush.c */ = {isa = PBXFileReference; fileEncoding = 4; lastKnownFileType = sourcecode.c.c; path = fflush.c; sourceTree = "<group>"; };
		05110E271A92232700375D5D /* fgetc.c */ = {isa = PBXFileReference; fileEncoding = 4; lastKnownFileType = sourcecode.c.c; path = fgetc.c; sourceTree = "<group>"; };
		05110E281A92232700375D5D /* fgetpos.c */ = {isa = PBXFileReference; fileEncoding = 4; lastKnownFileType = sourcecode.c.c; path = fgetpos.c; sourceTree = "<group>"; };
		05110E291A92232700375D5D /* fgets.c */ = {isa = PBXFileReference; fileEncoding = 4; lastKnownFileType = sourcecode.c.c; path = fgets.c; sourceTree = "<group>"; };
		05110E2A1A92232700375D5D /* fopen.c */ = {isa = PBXFileReference; fileEncoding = 4; lastKnownFileType = sourcecode.c.c; path = fopen.c; sourceTree = "<group>"; };
		05110E2B1A92232700375D5D /* fprintf.c */ = {isa = PBXFileReference; fileEncoding = 4; lastKnownFileType = sourcecode.c.c; path = fprintf.c; sourceTree = "<group>"; };
		05110E2C1A92232700375D5D /* fputc.c */ = {isa = PBXFileReference; fileEncoding = 4; lastKnownFileType = sourcecode.c.c; path = fputc.c; sourceTree = "<group>"; };
		05110E2D1A92232700375D5D /* fputs.c */ = {isa = PBXFileReference; fileEncoding = 4; lastKnownFileType = sourcecode.c.c; path = fputs.c; sourceTree = "<group>"; };
		05110E2E1A92232700375D5D /* fread.c */ = {isa = PBXFileReference; fileEncoding = 4; lastKnownFileType = sourcecode.c.c; path = fread.c; sourceTree = "<group>"; };
		05110E2F1A92232700375D5D /* freopen.c */ = {isa = PBXFileReference; fileEncoding = 4; lastKnownFileType = sourcecode.c.c; path = freopen.c; sourceTree = "<group>"; };
		05110E301A92232700375D5D /* fscanf.c */ = {isa = PBXFileReference; fileEncoding = 4; lastKnownFileType = sourcecode.c.c; path = fscanf.c; sourceTree = "<group>"; };
		05110E311A92232700375D5D /* fseek.c */ = {isa = PBXFileReference; fileEncoding = 4; lastKnownFileType = sourcecode.c.c; path = fseek.c; sourceTree = "<group>"; };
		05110E321A92232700375D5D /* fsetpos.c */ = {isa = PBXFileReference; fileEncoding = 4; lastKnownFileType = sourcecode.c.c; path = fsetpos.c; sourceTree = "<group>"; };
		05110E331A92232700375D5D /* ftell.c */ = {isa = PBXFileReference; fileEncoding = 4; lastKnownFileType = sourcecode.c.c; path = ftell.c; sourceTree = "<group>"; };
		05110E341A92232700375D5D /* fwrite.c */ = {isa = PBXFileReference; fileEncoding = 4; lastKnownFileType = sourcecode.c.c; path = fwrite.c; sourceTree = "<group>"; };
		05110E351A92232700375D5D /* getc.c */ = {isa = PBXFileReference; fileEncoding = 4; lastKnownFileType = sourcecode.c.c; path = getc.c; sourceTree = "<group>"; };
		05110E361A92232700375D5D /* getchar.c */ = {isa = PBXFileReference; fileEncoding = 4; lastKnownFileType = sourcecode.c.c; path = getchar.c; sourceTree = "<group>"; };
		05110E371A92232700375D5D /* gets.c */ = {isa = PBXFileReference; fileEncoding = 4; lastKnownFileType = sourcecode.c.c; path = gets.c; sourceTree = "<group>"; };
		05110E381A92232700375D5D /* perror.c */ = {isa = PBXFileReference; fileEncoding = 4; lastKnownFileType = sourcecode.c.c; path = perror.c; sourceTree = "<group>"; };
		05110E391A92232700375D5D /* printf.c */ = {isa = PBXFileReference; fileEncoding = 4; lastKnownFileType = sourcecode.c.c; path = printf.c; sourceTree = "<group>"; };
		05110E3A1A92232700375D5D /* putc.c */ = {isa = PBXFileReference; fileEncoding = 4; lastKnownFileType = sourcecode.c.c; path = putc.c; sourceTree = "<group>"; };
		05110E3B1A92232700375D5D /* putchar.c */ = {isa = PBXFileReference; fileEncoding = 4; lastKnownFileType = sourcecode.c.c; path = putchar.c; sourceTree = "<group>"; };
		05110E3C1A92232700375D5D /* puts.c */ = {isa = PBXFileReference; fileEncoding = 4; lastKnownFileType = sourcecode.c.c; path = puts.c; sourceTree = "<group>"; };
		05110E3D1A92232700375D5D /* remove.c */ = {isa = PBXFileReference; fileEncoding = 4; lastKnownFileType = sourcecode.c.c; path = remove.c; sourceTree = "<group>"; };
		05110E3E1A92232700375D5D /* rename.c */ = {isa = PBXFileReference; fileEncoding = 4; lastKnownFileType = sourcecode.c.c; path = rename.c; sourceTree = "<group>"; };
		05110E3F1A92232700375D5D /* rewind.c */ = {isa = PBXFileReference; fileEncoding = 4; lastKnownFileType = sourcecode.c.c; path = rewind.c; sourceTree = "<group>"; };
		05110E401A92232700375D5D /* scanf.c */ = {isa = PBXFileReference; fileEncoding = 4; lastKnownFileType = sourcecode.c.c; path = scanf.c; sourceTree = "<group>"; };
		05110E411A92232700375D5D /* setbuf.c */ = {isa = PBXFileReference; fileEncoding = 4; lastKnownFileType = sourcecode.c.c; path = setbuf.c; sourceTree = "<group>"; };
		05110E421A92232700375D5D /* setvbuf.c */ = {isa = PBXFileReference; fileEncoding = 4; lastKnownFileType = sourcecode.c.c; path = setvbuf.c; sourceTree = "<group>"; };
		05110E431A92232700375D5D /* snprintf.c */ = {isa = PBXFileReference; fileEncoding = 4; lastKnownFileType = sourcecode.c.c; path = snprintf.c; sourceTree = "<group>"; };
		05110E441A92232700375D5D /* sprintf.c */ = {isa = PBXFileReference; fileEncoding = 4; lastKnownFileType = sourcecode.c.c; path = sprintf.c; sourceTree = "<group>"; };
		05110E451A92232700375D5D /* sscanf.c */ = {isa = PBXFileReference; fileEncoding = 4; lastKnownFileType = sourcecode.c.c; path = sscanf.c; sourceTree = "<group>"; };
		05110E461A92232700375D5D /* tmpfile.c */ = {isa = PBXFileReference; fileEncoding = 4; lastKnownFileType = sourcecode.c.c; path = tmpfile.c; sourceTree = "<group>"; };
		05110E471A92232700375D5D /* tmpnam.c */ = {isa = PBXFileReference; fileEncoding = 4; lastKnownFileType = sourcecode.c.c; path = tmpnam.c; sourceTree = "<group>"; };
		05110E481A92232700375D5D /* ungetc.c */ = {isa = PBXFileReference; fileEncoding = 4; lastKnownFileType = sourcecode.c.c; path = ungetc.c; sourceTree = "<group>"; };
		05110E491A92232700375D5D /* vfprintf.c */ = {isa = PBXFileReference; fileEncoding = 4; lastKnownFileType = sourcecode.c.c; path = vfprintf.c; sourceTree = "<group>"; };
		05110E4A1A92232700375D5D /* vfscanf.c */ = {isa = PBXFileReference; fileEncoding = 4; lastKnownFileType = sourcecode.c.c; path = vfscanf.c; sourceTree = "<group>"; };
		05110E4B1A92232700375D5D /* vprintf.c */ = {isa = PBXFileReference; fileEncoding = 4; lastKnownFileType = sourcecode.c.c; path = vprintf.c; sourceTree = "<group>"; };
		05110E4C1A92232700375D5D /* vscanf.c */ = {isa = PBXFileReference; fileEncoding = 4; lastKnownFileType = sourcecode.c.c; path = vscanf.c; sourceTree = "<group>"; };
		05110E4D1A92232700375D5D /* vsnprintf.c */ = {isa = PBXFileReference; fileEncoding = 4; lastKnownFileType = sourcecode.c.c; path = vsnprintf.c; sourceTree = "<group>"; };
		05110E4E1A92232700375D5D /* vsprintf.c */ = {isa = PBXFileReference; fileEncoding = 4; lastKnownFileType = sourcecode.c.c; path = vsprintf.c; sourceTree = "<group>"; };
		05110E4F1A92232700375D5D /* vsscanf.c */ = {isa = PBXFileReference; fileEncoding = 4; lastKnownFileType = sourcecode.c.c; path = vsscanf.c; sourceTree = "<group>"; };
		05110E511A92232700375D5D /* __stdlib.c */ = {isa = PBXFileReference; fileEncoding = 4; lastKnownFileType = sourcecode.c.c; path = __stdlib.c; sourceTree = "<group>"; };
		05110E521A92232700375D5D /* _Exit.c */ = {isa = PBXFileReference; fileEncoding = 4; lastKnownFileType = sourcecode.c.c; path = _Exit.c; sourceTree = "<group>"; };
		05110E531A92232700375D5D /* abort.c */ = {isa = PBXFileReference; fileEncoding = 4; lastKnownFileType = sourcecode.c.c; path = abort.c; sourceTree = "<group>"; };
		05110E541A92232700375D5D /* abs.c */ = {isa = PBXFileReference; fileEncoding = 4; lastKnownFileType = sourcecode.c.c; path = abs.c; sourceTree = "<group>"; };
		05110E551A92232700375D5D /* atexit.c */ = {isa = PBXFileReference; fileEncoding = 4; lastKnownFileType = sourcecode.c.c; path = atexit.c; sourceTree = "<group>"; };
		05110E561A92232700375D5D /* atof.c */ = {isa = PBXFileReference; fileEncoding = 4; lastKnownFileType = sourcecode.c.c; path = atof.c; sourceTree = "<group>"; };
		05110E571A92232700375D5D /* atoi.c */ = {isa = PBXFileReference; fileEncoding = 4; lastKnownFileType = sourcecode.c.c; path = atoi.c; sourceTree = "<group>"; };
		05110E581A92232700375D5D /* atol.c */ = {isa = PBXFileReference; fileEncoding = 4; lastKnownFileType = sourcecode.c.c; path = atol.c; sourceTree = "<group>"; };
		05110E591A92232700375D5D /* atoll.c */ = {isa = PBXFileReference; fileEncoding = 4; lastKnownFileType = sourcecode.c.c; path = atoll.c; sourceTree = "<group>"; };
		05110E5A1A92232700375D5D /* bsearch.c */ = {isa = PBXFileReference; fileEncoding = 4; lastKnownFileType = sourcecode.c.c; path = bsearch.c; sourceTree = "<group>"; };
		05110E5B1A92232700375D5D /* calloc.c */ = {isa = PBXFileReference; fileEncoding = 4; lastKnownFileType = sourcecode.c.c; path = calloc.c; sourceTree = "<group>"; };
		05110E5C1A92232700375D5D /* div.c */ = {isa = PBXFileReference; fileEncoding = 4; lastKnownFileType = sourcecode.c.c; path = div.c; sourceTree = "<group>"; };
		05110E5D1A92232700375D5D /* exit.c */ = {isa = PBXFileReference; fileEncoding = 4; lastKnownFileType = sourcecode.c.c; path = exit.c; sourceTree = "<group>"; };
		05110E5E1A92232700375D5D /* free.c */ = {isa = PBXFileReference; fileEncoding = 4; lastKnownFileType = sourcecode.c.c; path = free.c; sourceTree = "<group>"; };
		05110E5F1A92232700375D5D /* getenv.c */ = {isa = PBXFileReference; fileEncoding = 4; lastKnownFileType = sourcecode.c.c; path = getenv.c; sourceTree = "<group>"; };
		05110E601A92232700375D5D /* labs.c */ = {isa = PBXFileReference; fileEncoding = 4; lastKnownFileType = sourcecode.c.c; path = labs.c; sourceTree = "<group>"; };
		05110E611A92232700375D5D /* ldiv.c */ = {isa = PBXFileReference; fileEncoding = 4; lastKnownFileType = sourcecode.c.c; path = ldiv.c; sourceTree = "<group>"; };
		05110E621A92232700375D5D /* llabs.c */ = {isa = PBXFileReference; fileEncoding = 4; lastKnownFileType = sourcecode.c.c; path = llabs.c; sourceTree = "<group>"; };
		05110E631A92232700375D5D /* lldiv.c */ = {isa = PBXFileReference; fileEncoding = 4; lastKnownFileType = sourcecode.c.c; path = lldiv.c; sourceTree = "<group>"; };
		05110E641A92232700375D5D /* malloc.c */ = {isa = PBXFileReference; fileEncoding = 4; lastKnownFileType = sourcecode.c.c; path = malloc.c; sourceTree = "<group>"; };
		05110E651A92232700375D5D /* mblen.c */ = {isa = PBXFileReference; fileEncoding = 4; lastKnownFileType = sourcecode.c.c; path = mblen.c; sourceTree = "<group>"; };
		05110E661A92232700375D5D /* mbstowcs.c */ = {isa = PBXFileReference; fileEncoding = 4; lastKnownFileType = sourcecode.c.c; path = mbstowcs.c; sourceTree = "<group>"; };
		05110E671A92232700375D5D /* mbtowc.c */ = {isa = PBXFileReference; fileEncoding = 4; lastKnownFileType = sourcecode.c.c; path = mbtowc.c; sourceTree = "<group>"; };
		05110E681A92232700375D5D /* qsort.c */ = {isa = PBXFileReference; fileEncoding = 4; lastKnownFileType = sourcecode.c.c; path = qsort.c; sourceTree = "<group>"; };
		05110E691A92232700375D5D /* rand.c */ = {isa = PBXFileReference; fileEncoding = 4; lastKnownFileType = sourcecode.c.c; path = rand.c; sourceTree = "<group>"; };
		05110E6A1A92232700375D5D /* realloc.c */ = {isa = PBXFileReference; fileEncoding = 4; lastKnownFileType = sourcecode.c.c; path = realloc.c; sourceTree = "<group>"; };
		05110E6B1A92232700375D5D /* srand.c */ = {isa = PBXFileReference; fileEncoding = 4; lastKnownFileType = sourcecode.c.c; path = srand.c; sourceTree = "<group>"; };
		05110E6C1A92232700375D5D /* strtod.c */ = {isa = PBXFileReference; fileEncoding = 4; lastKnownFileType = sourcecode.c.c; path = strtod.c; sourceTree = "<group>"; };
		05110E6D1A92232700375D5D /* strtof.c */ = {isa = PBXFileReference; fileEncoding = 4; lastKnownFileType = sourcecode.c.c; path = strtof.c; sourceTree = "<group>"; };
		05110E6E1A92232700375D5D /* strtol.c */ = {isa = PBXFileReference; fileEncoding = 4; lastKnownFileType = sourcecode.c.c; path = strtol.c; sourceTree = "<group>"; };
		05110E6F1A92232700375D5D /* strtold.c */ = {isa = PBXFileReference; fileEncoding = 4; lastKnownFileType = sourcecode.c.c; path = strtold.c; sourceTree = "<group>"; };
		05110E701A92232700375D5D /* strtoll.c */ = {isa = PBXFileReference; fileEncoding = 4; lastKnownFileType = sourcecode.c.c; path = strtoll.c; sourceTree = "<group>"; };
		05110E711A92232700375D5D /* strtoul.c */ = {isa = PBXFileReference; fileEncoding = 4; lastKnownFileType = sourcecode.c.c; path = strtoul.c; sourceTree = "<group>"; };
		05110E721A92232700375D5D /* strtoull.c */ = {isa = PBXFileReference; fileEncoding = 4; lastKnownFileType = sourcecode.c.c; path = strtoull.c; sourceTree = "<group>"; };
		05110E731A92232700375D5D /* system.c */ = {isa = PBXFileReference; fileEncoding = 4; lastKnownFileType = sourcecode.c.c; path = system.c; sourceTree = "<group>"; };
		05110E741A92232700375D5D /* wcstombs.c */ = {isa = PBXFileReference; fileEncoding = 4; lastKnownFileType = sourcecode.c.c; path = wcstombs.c; sourceTree = "<group>"; };
		05110E751A92232700375D5D /* wctomb.c */ = {isa = PBXFileReference; fileEncoding = 4; lastKnownFileType = sourcecode.c.c; path = wctomb.c; sourceTree = "<group>"; };
		05110E771A92232700375D5D /* memchr.c */ = {isa = PBXFileReference; fileEncoding = 4; lastKnownFileType = sourcecode.c.c; path = memchr.c; sourceTree = "<group>"; };
		05110E781A92232700375D5D /* memchr.i386.s */ = {isa = PBXFileReference; fileEncoding = 4; lastKnownFileType = sourcecode.asm; path = memchr.i386.s; sourceTree = "<group>"; };
		05110E791A92232700375D5D /* memchr.x86_64.s */ = {isa = PBXFileReference; fileEncoding = 4; lastKnownFileType = sourcecode.asm; path = memchr.x86_64.s; sourceTree = "<group>"; };
		05110E7A1A92232700375D5D /* memcmp.c */ = {isa = PBXFileReference; fileEncoding = 4; lastKnownFileType = sourcecode.c.c; path = memcmp.c; sourceTree = "<group>"; };
		05110E7B1A92232700375D5D /* memcpy.c */ = {isa = PBXFileReference; fileEncoding = 4; lastKnownFileType = sourcecode.c.c; path = memcpy.c; sourceTree = "<group>"; };
		05110E7C1A92232700375D5D /* memcpy.i386.s */ = {isa = PBXFileReference; fileEncoding = 4; lastKnownFileType = sourcecode.asm; path = memcpy.i386.s; sourceTree = "<group>"; };
		05110E7D1A92232700375D5D /* memcpy.x86_64.s */ = {isa = PBXFileReference; fileEncoding = 4; lastKnownFileType = sourcecode.asm; path = memcpy.x86_64.s; sourceTree = "<group>"; };
		05110E7E1A92232700375D5D /* memmove.c */ = {isa = PBXFileReference; fileEncoding = 4; lastKnownFileType = sourcecode.c.c; path = memmove.c; sourceTree = "<group>"; };
		05110E7F1A92232700375D5D /* memset.c */ = {isa = PBXFileReference; fileEncoding = 4; lastKnownFileType = sourcecode.c.c; path = memset.c; sourceTree = "<group>"; };
		05110E801A92232700375D5D /* memset.i386.s */ = {isa = PBXFileReference; fileEncoding = 4; lastKnownFileType = sourcecode.asm; path = memset.i386.s; sourceTree = "<group>"; };
		05110E811A92232700375D5D /* memset.x86_64.s */ = {isa = PBXFileReference; fileEncoding = 4; lastKnownFileType = sourcecode.asm; path = memset.x86_64.s; sourceTree = "<group>"; };
		05110E821A92232700375D5D /* strcat.c */ = {isa = PBXFileReference; fileEncoding = 4; lastKnownFileType = sourcecode.c.c; path = strcat.c; sourceTree = "<group>"; };
		05110E831A92232700375D5D /* strchr.c */ = {isa = PBXFileReference; fileEncoding = 4; lastKnownFileType = sourcecode.c.c; path = strchr.c; sourceTree = "<group>"; };
		05110E841A92232700375D5D /* strcmp.c */ = {isa = PBXFileReference; fileEncoding = 4; lastKnownFileType = sourcecode.c.c; path = strcmp.c; sourceTree = "<group>"; };
		05110E851A92232700375D5D /* strcoll.c */ = {isa = PBXFileReference; fileEncoding = 4; lastKnownFileType = sourcecode.c.c; path = strcoll.c; sourceTree = "<group>"; };
		05110E861A92232700375D5D /* strcpy.c */ = {isa = PBXFileReference; fileEncoding = 4; lastKnownFileType = sourcecode.c.c; path = strcpy.c; sourceTree = "<group>"; };
		05110E871A92232700375D5D /* strcspn.c */ = {isa = PBXFileReference; fileEncoding = 4; lastKnownFileType = sourcecode.c.c; path = strcspn.c; sourceTree = "<group>"; };
		05110E881A92232700375D5D /* strerror.c */ = {isa = PBXFileReference; fileEncoding = 4; lastKnownFileType = sourcecode.c.c; path = strerror.c; sourceTree = "<group>"; };
		05110E891A92232700375D5D /* strlen.c */ = {isa = PBXFileReference; fileEncoding = 4; lastKnownFileType = sourcecode.c.c; path = strlen.c; sourceTree = "<group>"; };
		05110E8A1A92232700375D5D /* strlen.i386.s */ = {isa = PBXFileReference; fileEncoding = 4; lastKnownFileType = sourcecode.asm; path = strlen.i386.s; sourceTree = "<group>"; };
		05110E8B1A92232700375D5D /* strlen.x86_64.s */ = {isa = PBXFileReference; fileEncoding = 4; lastKnownFileType = sourcecode.asm; path = strlen.x86_64.s; sourceTree = "<group>"; };
		05110E8C1A92232700375D5D /* strncat.c */ = {isa = PBXFileReference; fileEncoding = 4; lastKnownFileType = sourcecode.c.c; path = strncat.c; sourceTree = "<group>"; };
		05110E8D1A92232700375D5D /* strncmp.c */ = {isa = PBXFileReference; fileEncoding = 4; lastKnownFileType = sourcecode.c.c; path = strncmp.c; sourceTree = "<group>"; };
		05110E8E1A92232700375D5D /* strncpy.c */ = {isa = PBXFileReference; fileEncoding = 4; lastKnownFileType = sourcecode.c.c; path = strncpy.c; sourceTree = "<group>"; };
		05110E8F1A92232700375D5D /* strpbrk.c */ = {isa = PBXFileReference; fileEncoding = 4; lastKnownFileType = sourcecode.c.c; path = strpbrk.c; sourceTree = "<group>"; };
		05110E901A92232700375D5D /* strrchr.c */ = {isa = PBXFileReference; fileEncoding = 4; lastKnownFileType = sourcecode.c.c; path = strrchr.c; sourceTree = "<group>"; };
		05110E911A92232700375D5D /* strspn.c */ = {isa = PBXFileReference; fileEncoding = 4; lastKnownFileType = sourcecode.c.c; path = strspn.c; sourceTree = "<group>"; };
		05110E921A92232700375D5D /* strstr.c */ = {isa = PBXFileReference; fileEncoding = 4; lastKnownFileType = sourcecode.c.c; path = strstr.c; sourceTree = "<group>"; };
		05110E931A92232700375D5D /* strtok.c */ = {isa = PBXFileReference; fileEncoding = 4; lastKnownFileType = sourcecode.c.c; path = strtok.c; sourceTree = "<group>"; };
		05110E941A92232700375D5D /* strxfrm.c */ = {isa = PBXFileReference; fileEncoding = 4; lastKnownFileType = sourcecode.c.c; path = strxfrm.c; sourceTree = "<group>"; };
		05110E961A92232700375D5D /* asctime.c */ = {isa = PBXFileReference; fileEncoding = 4; lastKnownFileType = sourcecode.c.c; path = asctime.c; sourceTree = "<group>"; };
		05110E971A92232700375D5D /* clock.c */ = {isa = PBXFileReference; fileEncoding = 4; lastKnownFileType = sourcecode.c.c; path = clock.c; sourceTree = "<group>"; };
		05110E981A92232700375D5D /* ctime.c */ = {isa = PBXFileReference; fileEncoding = 4; lastKnownFileType = sourcecode.c.c; path = ctime.c; sourceTree = "<group>"; };
		05110E991A92232700375D5D /* difftime.c */ = {isa = PBXFileReference; fileEncoding = 4; lastKnownFileType = sourcecode.c.c; path = difftime.c; sourceTree = "<group>"; };
		05110E9A1A92232700375D5D /* gmtime.c */ = {isa = PBXFileReference; fileEncoding = 4; lastKnownFileType = sourcecode.c.c; path = gmtime.c; sourceTree = "<group>"; };
		05110E9B1A92232700375D5D /* localtime.c */ = {isa = PBXFileReference; fileEncoding = 4; lastKnownFileType = sourcecode.c.c; path = localtime.c; sourceTree = "<group>"; };
		05110E9C1A92232700375D5D /* mktime.c */ = {isa = PBXFileReference; fileEncoding = 4; lastKnownFileType = sourcecode.c.c; path = mktime.c; sourceTree = "<group>"; };
		05110E9D1A92232700375D5D /* strftime.c */ = {isa = PBXFileReference; fileEncoding = 4; lastKnownFileType = sourcecode.c.c; path = strftime.c; sourceTree = "<group>"; };
		05110E9E1A92232700375D5D /* time.c */ = {isa = PBXFileReference; fileEncoding = 4; lastKnownFileType = sourcecode.c.c; path = time.c; sourceTree = "<group>"; };
		055EB3A11A923FFA009ACFEC /* assert.h */ = {isa = PBXFileReference; fileEncoding = 4; lastKnownFileType = sourcecode.c.h; path = assert.h; sourceTree = "<group>"; };
		055EB3A21A923FFA009ACFEC /* complex.h */ = {isa = PBXFileReference; fileEncoding = 4; lastKnownFileType = sourcecode.c.h; path = complex.h; sourceTree = "<group>"; };
		055EB3A31A923FFA009ACFEC /* ctype.h */ = {isa = PBXFileReference; fileEncoding = 4; lastKnownFileType = sourcecode.c.h; path = ctype.h; sourceTree = "<group>"; };
		055EB3A41A923FFA009ACFEC /* errno.h */ = {isa = PBXFileReference; fileEncoding = 4; lastKnownFileType = sourcecode.c.h; path = errno.h; sourceTree = "<group>"; };
		055EB3A51A923FFA009ACFEC /* fenv.h */ = {isa = PBXFileReference; fileEncoding = 4; lastKnownFileType = sourcecode.c.h; path = fenv.h; sourceTree = "<group>"; };
		055EB3A61A923FFA009ACFEC /* float.h */ = {isa = PBXFileReference; fileEncoding = 4; lastKnownFileType = sourcecode.c.h; path = float.h; sourceTree = "<group>"; };
		055EB3A71A923FFA009ACFEC /* inttypes.h */ = {isa = PBXFileReference; fileEncoding = 4; lastKnownFileType = sourcecode.c.h; path = inttypes.h; sourceTree = "<group>"; };
		055EB3A81A923FFA009ACFEC /* iso646.h */ = {isa = PBXFileReference; fileEncoding = 4; lastKnownFileType = sourcecode.c.h; path = iso646.h; sourceTree = "<group>"; };
		055EB3A91A923FFA009ACFEC /* limits.h */ = {isa = PBXFileReference; fileEncoding = 4; lastKnownFileType = sourcecode.c.h; path = limits.h; sourceTree = "<group>"; };
		055EB3AA1A923FFA009ACFEC /* locale.h */ = {isa = PBXFileReference; fileEncoding = 4; lastKnownFileType = sourcecode.c.h; path = locale.h; sourceTree = "<group>"; };
		055EB3AB1A923FFA009ACFEC /* math.h */ = {isa = PBXFileReference; fileEncoding = 4; lastKnownFileType = sourcecode.c.h; path = math.h; sourceTree = "<group>"; };
		055EB3AC1A923FFA009ACFEC /* setjmp.h */ = {isa = PBXFileReference; fileEncoding = 4; lastKnownFileType = sourcecode.c.h; path = setjmp.h; sourceTree = "<group>"; };
		055EB3AD1A923FFA009ACFEC /* signal.h */ = {isa = PBXFileReference; fileEncoding = 4; lastKnownFileType = sourcecode.c.h; path = signal.h; sourceTree = "<group>"; };
		055EB3AE1A923FFA009ACFEC /* stdarg.h */ = {isa = PBXFileReference; fileEncoding = 4; lastKnownFileType = sourcecode.c.h; path = stdarg.h; sourceTree = "<group>"; };
		055EB3AF1A923FFA009ACFEC /* stdbool.h */ = {isa = PBXFileReference; fileEncoding = 4; lastKnownFileType = sourcecode.c.h; path = stdbool.h; sourceTree = "<group>"; };
		055EB3B01A923FFA009ACFEC /* stddef.h */ = {isa = PBXFileReference; fileEncoding = 4; lastKnownFileType = sourcecode.c.h; path = stddef.h; sourceTree = "<group>"; };
		055EB3B11A923FFA009ACFEC /* stdint.h */ = {isa = PBXFileReference; fileEncoding = 4; lastKnownFileType = sourcecode.c.h; path = stdint.h; sourceTree = "<group>"; };
		055EB3B21A923FFA009ACFEC /* stdio.h */ = {isa = PBXFileReference; fileEncoding = 4; lastKnownFileType = sourcecode.c.h; path = stdio.h; sourceTree = "<group>"; };
		055EB3B31A923FFA009ACFEC /* stdlib.h */ = {isa = PBXFileReference; fileEncoding = 4; lastKnownFileType = sourcecode.c.h; path = stdlib.h; sourceTree = "<group>"; };
		055EB3B41A923FFA009ACFEC /* string.h */ = {isa = PBXFileReference; fileEncoding = 4; lastKnownFileType = sourcecode.c.h; path = string.h; sourceTree = "<group>"; };
		055EB3B51A923FFA009ACFEC /* tgmath.h */ = {isa = PBXFileReference; fileEncoding = 4; lastKnownFileType = sourcecode.c.h; path = tgmath.h; sourceTree = "<group>"; };
		055EB3B61A923FFA009ACFEC /* time.h */ = {isa = PBXFileReference; fileEncoding = 4; lastKnownFileType = sourcecode.c.h; path = time.h; sourceTree = "<group>"; };
		055EB3B71A923FFA009ACFEC /* wchar.h */ = {isa = PBXFileReference; fileEncoding = 4; lastKnownFileType = sourcecode.c.h; path = wchar.h; sourceTree = "<group>"; };
		055EB3B81A923FFA009ACFEC /* wctype.h */ = {isa = PBXFileReference; fileEncoding = 4; lastKnownFileType = sourcecode.c.h; path = wctype.h; sourceTree = "<group>"; };
/* End PBXFileReference section */

/* Begin PBXGroup section */
		05110D121A92232700375D5D /* include */ = {
			isa = PBXGroup;
			children = (
				055EB3A01A923FFA009ACFEC /* c99 */,
			);
			path = include;
			sourceTree = "<group>";
		};
		05110D321A92232700375D5D /* source */ = {
			isa = PBXGroup;
			children = (
				05110D331A92232700375D5D /* assert */,
				05110D351A92232700375D5D /* ctype */,
				05110D441A92232700375D5D /* errno */,
				05110D461A92232700375D5D /* fenv */,
				05110D531A92232700375D5D /* locale */,
				05110D561A92232700375D5D /* math */,
				05110E1A1A92232700375D5D /* setjmp */,
				05110E1D1A92232700375D5D /* signal */,
				05110E201A92232700375D5D /* stdio */,
				05110E501A92232700375D5D /* stdlib */,
				05110E761A92232700375D5D /* string */,
				05110E951A92232700375D5D /* time */,
			);
			path = source;
			sourceTree = "<group>";
		};
		05110D331A92232700375D5D /* assert */ = {
			isa = PBXGroup;
			children = (
				05110D341A92232700375D5D /* __XEOS_Lib_C99_AssertFail.c */,
			);
			path = assert;
			sourceTree = "<group>";
		};
		05110D351A92232700375D5D /* ctype */ = {
			isa = PBXGroup;
			children = (
				05110D361A92232700375D5D /* isalnum.c */,
				05110D371A92232700375D5D /* isalpha.c */,
				05110D381A92232700375D5D /* isblank.c */,
				05110D391A92232700375D5D /* iscntrl.c */,
				05110D3A1A92232700375D5D /* isdigit.c */,
				05110D3B1A92232700375D5D /* isgraph.c */,
				05110D3C1A92232700375D5D /* islower.c */,
				05110D3D1A92232700375D5D /* isprint.c */,
				05110D3E1A92232700375D5D /* ispunct.c */,
				05110D3F1A92232700375D5D /* isspace.c */,
				05110D401A92232700375D5D /* isupper.c */,
				05110D411A92232700375D5D /* isxdigit.c */,
				05110D421A92232700375D5D /* tolower.c */,
				05110D431A92232700375D5D /* toupper.c */,
			);
			path = ctype;
			sourceTree = "<group>";
		};
		05110D441A92232700375D5D /* errno */ = {
			isa = PBXGroup;
			children = (
				05110D451A92232700375D5D /* __errno.c */,
			);
			path = errno;
			sourceTree = "<group>";
		};
		05110D461A92232700375D5D /* fenv */ = {
			isa = PBXGroup;
			children = (
				05110D471A92232700375D5D /* __fenv.c */,
				05110D481A92232700375D5D /* feclearexcept.c */,
				05110D491A92232700375D5D /* fegetenv.c */,
				05110D4A1A92232700375D5D /* fegetexceptflag.c */,
				05110D4B1A92232700375D5D /* fegetround.c */,
				05110D4C1A92232700375D5D /* feholdexcept.c */,
				05110D4D1A92232700375D5D /* feraiseexcept.c */,
				05110D4E1A92232700375D5D /* fesetenv.c */,
				05110D4F1A92232700375D5D /* fesetexceptflag.c */,
				05110D501A92232700375D5D /* fesetround.c */,
				05110D511A92232700375D5D /* fetestexcept.c */,
				05110D521A92232700375D5D /* feupdateenv.c */,
			);
			path = fenv;
			sourceTree = "<group>";
		};
		05110D531A92232700375D5D /* locale */ = {
			isa = PBXGroup;
			children = (
				05110D541A92232700375D5D /* localeconv.c */,
				05110D551A92232700375D5D /* setlocale.c */,
			);
			path = locale;
			sourceTree = "<group>";
		};
		05110D561A92232700375D5D /* math */ = {
			isa = PBXGroup;
			children = (
				05110D571A92232700375D5D /* __libc_math_errhandling.c */,
				05110D581A92232700375D5D /* __libc_math_fpclassify_d.c */,
				05110D591A92232700375D5D /* __libc_math_fpclassify_f.c */,
				05110D5A1A92232700375D5D /* __libc_math_fpclassify_l.c */,
				05110D5B1A92232700375D5D /* __libc_math_isfinite_d.c */,
				05110D5C1A92232700375D5D /* __libc_math_isfinite_f.c */,
				05110D5D1A92232700375D5D /* __libc_math_isfinite_l.c */,
				05110D5E1A92232700375D5D /* __libc_math_isgreater.c */,
				05110D5F1A92232700375D5D /* __libc_math_isinf_d.c */,
				05110D601A92232700375D5D /* __libc_math_isinf_f.c */,
				05110D611A92232700375D5D /* __libc_math_isinf_l.c */,
				05110D621A92232700375D5D /* __libc_math_isless.c */,
				05110D631A92232700375D5D /* __libc_math_islessequal.c */,
				05110D641A92232700375D5D /* __libc_math_islessgreater.c */,
				05110D651A92232700375D5D /* __libc_math_isnan_d.c */,
				05110D661A92232700375D5D /* __libc_math_isnan_f.c */,
				05110D671A92232700375D5D /* __libc_math_isnan_l.c */,
				05110D681A92232700375D5D /* __libc_math_isnormal_d.c */,
				05110D691A92232700375D5D /* __libc_math_isnormal_f.c */,
				05110D6A1A92232700375D5D /* __libc_math_isnormal_l.c */,
				05110D6B1A92232700375D5D /* __libc_math_isunordered.c */,
				05110D6C1A92232700375D5D /* __libc_math_signbit_d.c */,
				05110D6D1A92232700375D5D /* __libc_math_signbit_f.c */,
				05110D6E1A92232700375D5D /* __libc_math_signbit_l.c */,
				05110D6F1A92232700375D5D /* acos.c */,
				05110D701A92232700375D5D /* acosf.c */,
				05110D711A92232700375D5D /* acosh.c */,
				05110D721A92232700375D5D /* acoshf.c */,
				05110D731A92232700375D5D /* acoshl.c */,
				05110D741A92232700375D5D /* acosl.c */,
				05110D751A92232700375D5D /* asin.c */,
				05110D761A92232700375D5D /* asinf.c */,
				05110D771A92232700375D5D /* asinh.c */,
				05110D781A92232700375D5D /* asinhf.c */,
				05110D791A92232700375D5D /* asinhl.c */,
				05110D7A1A92232700375D5D /* asinl.c */,
				05110D7B1A92232700375D5D /* atan.c */,
				05110D7C1A92232700375D5D /* atan2.c */,
				05110D7D1A92232700375D5D /* atan2f.c */,
				05110D7E1A92232700375D5D /* atan2l.c */,
				05110D7F1A92232700375D5D /* atanf.c */,
				05110D801A92232700375D5D /* atanh.c */,
				05110D811A92232700375D5D /* atanhf.c */,
				05110D821A92232700375D5D /* atanhl.c */,
				05110D831A92232700375D5D /* atanl.c */,
				05110D841A92232700375D5D /* cbrt.c */,
				05110D851A92232700375D5D /* cbrtf.c */,
				05110D861A92232700375D5D /* cbrtl.c */,
				05110D871A92232700375D5D /* ceil.c */,
				05110D881A92232700375D5D /* ceilf.c */,
				05110D891A92232700375D5D /* ceill.c */,
				05110D8A1A92232700375D5D /* copysign.c */,
				05110D8B1A92232700375D5D /* copysignf.c */,
				05110D8C1A92232700375D5D /* copysignl.c */,
				05110D8D1A92232700375D5D /* cos.c */,
				05110D8E1A92232700375D5D /* cosf.c */,
				05110D8F1A92232700375D5D /* cosh.c */,
				05110D901A92232700375D5D /* coshf.c */,
				05110D911A92232700375D5D /* coshl.c */,
				05110D921A92232700375D5D /* cosl.c */,
				05110D931A92232700375D5D /* erf.c */,
				05110D941A92232700375D5D /* erfc.c */,
				05110D951A92232700375D5D /* erfcf.c */,
				05110D961A92232700375D5D /* erfcl.c */,
				05110D971A92232700375D5D /* erff.c */,
				05110D981A92232700375D5D /* erfl.c */,
				05110D991A92232700375D5D /* exp.c */,
				05110D9A1A92232700375D5D /* exp2.c */,
				05110D9B1A92232700375D5D /* exp2f.c */,
				05110D9C1A92232700375D5D /* exp2l.c */,
				05110D9D1A92232700375D5D /* expf.c */,
				05110D9E1A92232700375D5D /* expl.c */,
				05110D9F1A92232700375D5D /* expm1.c */,
				05110DA01A92232700375D5D /* expm1f.c */,
				05110DA11A92232700375D5D /* expm1l.c */,
				05110DA21A92232700375D5D /* fabs.c */,
				05110DA31A92232700375D5D /* fabsf.c */,
				05110DA41A92232700375D5D /* fabsl.c */,
				05110DA51A92232700375D5D /* fdim.c */,
				05110DA61A92232700375D5D /* fdimf.c */,
				05110DA71A92232700375D5D /* fdiml.c */,
				05110DA81A92232700375D5D /* floor.c */,
				05110DA91A92232700375D5D /* floorf.c */,
				05110DAA1A92232700375D5D /* floorl.c */,
				05110DAB1A92232700375D5D /* fma.c */,
				05110DAC1A92232700375D5D /* fmaf.c */,
				05110DAD1A92232700375D5D /* fmal.c */,
				05110DAE1A92232700375D5D /* fmax.c */,
				05110DAF1A92232700375D5D /* fmaxf.c */,
				05110DB01A92232700375D5D /* fmaxl.c */,
				05110DB11A92232700375D5D /* fmin.c */,
				05110DB21A92232700375D5D /* fminf.c */,
				05110DB31A92232700375D5D /* fminl.c */,
				05110DB41A92232700375D5D /* fmod.c */,
				05110DB51A92232700375D5D /* fmodf.c */,
				05110DB61A92232700375D5D /* fmodl.c */,
				05110DB71A92232700375D5D /* frexp.c */,
				05110DB81A92232700375D5D /* frexpf.c */,
				05110DB91A92232700375D5D /* frexpl.c */,
				05110DBA1A92232700375D5D /* hypot.c */,
				05110DBB1A92232700375D5D /* hypotf.c */,
				05110DBC1A92232700375D5D /* hypotl.c */,
				05110DBD1A92232700375D5D /* ilogb.c */,
				05110DBE1A92232700375D5D /* ilogbf.c */,
				05110DBF1A92232700375D5D /* ilogbl.c */,
				05110DC01A92232700375D5D /* ldexp.c */,
				05110DC11A92232700375D5D /* ldexpf.c */,
				05110DC21A92232700375D5D /* ldexpl.c */,
				05110DC31A92232700375D5D /* lgamma.c */,
				05110DC41A92232700375D5D /* lgammaf.c */,
				05110DC51A92232700375D5D /* lgammal.c */,
				05110DC61A92232700375D5D /* llrint.c */,
				05110DC71A92232700375D5D /* llrintf.c */,
				05110DC81A92232700375D5D /* llrintl.c */,
				05110DC91A92232700375D5D /* llround.c */,
				05110DCA1A92232700375D5D /* llroundf.c */,
				05110DCB1A92232700375D5D /* llroundl.c */,
				05110DCC1A92232700375D5D /* log.c */,
				05110DCD1A92232700375D5D /* log10.c */,
				05110DCE1A92232700375D5D /* log10f.c */,
				05110DCF1A92232700375D5D /* log10l.c */,
				05110DD01A92232700375D5D /* log1p.c */,
				05110DD11A92232700375D5D /* log1pf.c */,
				05110DD21A92232700375D5D /* log1pl.c */,
				05110DD31A92232700375D5D /* log2.c */,
				05110DD41A92232700375D5D /* log2f.c */,
				05110DD51A92232700375D5D /* log2l.c */,
				05110DD61A92232700375D5D /* logb.c */,
				05110DD71A92232700375D5D /* logbf.c */,
				05110DD81A92232700375D5D /* logbl.c */,
				05110DD91A92232700375D5D /* logf.c */,
				05110DDA1A92232700375D5D /* logl.c */,
				05110DDB1A92232700375D5D /* lrint.c */,
				05110DDC1A92232700375D5D /* lrintf.c */,
				05110DDD1A92232700375D5D /* lrintl.c */,
				05110DDE1A92232700375D5D /* lround.c */,
				05110DDF1A92232700375D5D /* lroundf.c */,
				05110DE01A92232700375D5D /* lroundl.c */,
				05110DE11A92232700375D5D /* modf.c */,
				05110DE21A92232700375D5D /* modff.c */,
				05110DE31A92232700375D5D /* modfl.c */,
				05110DE41A92232700375D5D /* nan.c */,
				05110DE51A92232700375D5D /* nanf.c */,
				05110DE61A92232700375D5D /* nanl.c */,
				05110DE71A92232700375D5D /* nearbyint.c */,
				05110DE81A92232700375D5D /* nearbyintf.c */,
				05110DE91A92232700375D5D /* nearbyintl.c */,
				05110DEA1A92232700375D5D /* nextafter.c */,
				05110DEB1A92232700375D5D /* nextafterf.c */,
				05110DEC1A92232700375D5D /* nextafterl.c */,
				05110DED1A92232700375D5D /* nexttoward.c */,
				05110DEE1A92232700375D5D /* nexttowardf.c */,
				05110DEF1A92232700375D5D /* nexttowardl.c */,
				05110DF01A92232700375D5D /* pow.c */,
				05110DF11A92232700375D5D /* powf.c */,
				05110DF21A92232700375D5D /* powl.c */,
				05110DF31A92232700375D5D /* remainder.c */,
				05110DF41A92232700375D5D /* remainderf.c */,
				05110DF51A92232700375D5D /* remainderl.c */,
				05110DF61A92232700375D5D /* remquo.c */,
				05110DF71A92232700375D5D /* remquof.c */,
				05110DF81A92232700375D5D /* remquol.c */,
				05110DF91A92232700375D5D /* rint.c */,
				05110DFA1A92232700375D5D /* rintf.c */,
				05110DFB1A92232700375D5D /* rintl.c */,
				05110DFC1A92232700375D5D /* round.c */,
				05110DFD1A92232700375D5D /* roundf.c */,
				05110DFE1A92232700375D5D /* roundl.c */,
				05110DFF1A92232700375D5D /* scalbln.c */,
				05110E001A92232700375D5D /* scalblnf.c */,
				05110E011A92232700375D5D /* scalblnl.c */,
				05110E021A92232700375D5D /* scalbn.c */,
				05110E031A92232700375D5D /* scalbnf.c */,
				05110E041A92232700375D5D /* scalbnl.c */,
				05110E051A92232700375D5D /* sin.c */,
				05110E061A92232700375D5D /* sinf.c */,
				05110E071A92232700375D5D /* sinh.c */,
				05110E081A92232700375D5D /* sinhf.c */,
				05110E091A92232700375D5D /* sinhl.c */,
				05110E0A1A92232700375D5D /* sinl.c */,
				05110E0B1A92232700375D5D /* sqrt.c */,
				05110E0C1A92232700375D5D /* sqrtf.c */,
				05110E0D1A92232700375D5D /* sqrtl.c */,
				05110E0E1A92232700375D5D /* tan.c */,
				05110E0F1A92232700375D5D /* tanf.c */,
				05110E101A92232700375D5D /* tanh.c */,
				05110E111A92232700375D5D /* tanhf.c */,
				05110E121A92232700375D5D /* tanhl.c */,
				05110E131A92232700375D5D /* tanl.c */,
				05110E141A92232700375D5D /* tgamma.c */,
				05110E151A92232700375D5D /* tgammaf.c */,
				05110E161A92232700375D5D /* tgammal.c */,
				05110E171A92232700375D5D /* trunc.c */,
				05110E181A92232700375D5D /* truncf.c */,
				05110E191A92232700375D5D /* truncl.c */,
			);
			path = math;
			sourceTree = "<group>";
		};
		05110E1A1A92232700375D5D /* setjmp */ = {
			isa = PBXGroup;
			children = (
				05110E1B1A92232700375D5D /* longjmp.c */,
				05110E1C1A92232700375D5D /* setjmp.c */,
			);
			path = setjmp;
			sourceTree = "<group>";
		};
		05110E1D1A92232700375D5D /* signal */ = {
			isa = PBXGroup;
			children = (
				05110E1E1A92232700375D5D /* raise.c */,
				05110E1F1A92232700375D5D /* signal.c */,
			);
			path = signal;
			sourceTree = "<group>";
		};
		05110E201A92232700375D5D /* stdio */ = {
			isa = PBXGroup;
			children = (
				05110E211A92232700375D5D /* __stdio.c */,
				05110E221A92232700375D5D /* clearerr.c */,
				05110E231A92232700375D5D /* fclose.c */,
				05110E241A92232700375D5D /* feof.c */,
				05110E251A92232700375D5D /* ferror.c */,
				05110E261A92232700375D5D /* fflush.c */,
				05110E271A92232700375D5D /* fgetc.c */,
				05110E281A92232700375D5D /* fgetpos.c */,
				05110E291A92232700375D5D /* fgets.c */,
				05110E2A1A92232700375D5D /* fopen.c */,
				05110E2B1A92232700375D5D /* fprintf.c */,
				05110E2C1A92232700375D5D /* fputc.c */,
				05110E2D1A92232700375D5D /* fputs.c */,
				05110E2E1A92232700375D5D /* fread.c */,
				05110E2F1A92232700375D5D /* freopen.c */,
				05110E301A92232700375D5D /* fscanf.c */,
				05110E311A92232700375D5D /* fseek.c */,
				05110E321A92232700375D5D /* fsetpos.c */,
				05110E331A92232700375D5D /* ftell.c */,
				05110E341A92232700375D5D /* fwrite.c */,
				05110E351A92232700375D5D /* getc.c */,
				05110E361A92232700375D5D /* getchar.c */,
				05110E371A92232700375D5D /* gets.c */,
				05110E381A92232700375D5D /* perror.c */,
				05110E391A92232700375D5D /* printf.c */,
				05110E3A1A92232700375D5D /* putc.c */,
				05110E3B1A92232700375D5D /* putchar.c */,
				05110E3C1A92232700375D5D /* puts.c */,
				05110E3D1A92232700375D5D /* remove.c */,
				05110E3E1A92232700375D5D /* rename.c */,
				05110E3F1A92232700375D5D /* rewind.c */,
				05110E401A92232700375D5D /* scanf.c */,
				05110E411A92232700375D5D /* setbuf.c */,
				05110E421A92232700375D5D /* setvbuf.c */,
				05110E431A92232700375D5D /* snprintf.c */,
				05110E441A92232700375D5D /* sprintf.c */,
				05110E451A92232700375D5D /* sscanf.c */,
				05110E461A92232700375D5D /* tmpfile.c */,
				05110E471A92232700375D5D /* tmpnam.c */,
				05110E481A92232700375D5D /* ungetc.c */,
				05110E491A92232700375D5D /* vfprintf.c */,
				05110E4A1A92232700375D5D /* vfscanf.c */,
				05110E4B1A92232700375D5D /* vprintf.c */,
				05110E4C1A92232700375D5D /* vscanf.c */,
				05110E4D1A92232700375D5D /* vsnprintf.c */,
				05110E4E1A92232700375D5D /* vsprintf.c */,
				05110E4F1A92232700375D5D /* vsscanf.c */,
			);
			path = stdio;
			sourceTree = "<group>";
		};
		05110E501A92232700375D5D /* stdlib */ = {
			isa = PBXGroup;
			children = (
				05110E511A92232700375D5D /* __stdlib.c */,
				05110E521A92232700375D5D /* _Exit.c */,
				05110E531A92232700375D5D /* abort.c */,
				05110E541A92232700375D5D /* abs.c */,
				05110E551A92232700375D5D /* atexit.c */,
				05110E561A92232700375D5D /* atof.c */,
				05110E571A92232700375D5D /* atoi.c */,
				05110E581A92232700375D5D /* atol.c */,
				05110E591A92232700375D5D /* atoll.c */,
				05110E5A1A92232700375D5D /* bsearch.c */,
				05110E5B1A92232700375D5D /* calloc.c */,
				05110E5C1A92232700375D5D /* div.c */,
				05110E5D1A92232700375D5D /* exit.c */,
				05110E5E1A92232700375D5D /* free.c */,
				05110E5F1A92232700375D5D /* getenv.c */,
				05110E601A92232700375D5D /* labs.c */,
				05110E611A92232700375D5D /* ldiv.c */,
				05110E621A92232700375D5D /* llabs.c */,
				05110E631A92232700375D5D /* lldiv.c */,
				05110E641A92232700375D5D /* malloc.c */,
				05110E651A92232700375D5D /* mblen.c */,
				05110E661A92232700375D5D /* mbstowcs.c */,
				05110E671A92232700375D5D /* mbtowc.c */,
				05110E681A92232700375D5D /* qsort.c */,
				05110E691A92232700375D5D /* rand.c */,
				05110E6A1A92232700375D5D /* realloc.c */,
				05110E6B1A92232700375D5D /* srand.c */,
				05110E6C1A92232700375D5D /* strtod.c */,
				05110E6D1A92232700375D5D /* strtof.c */,
				05110E6E1A92232700375D5D /* strtol.c */,
				05110E6F1A92232700375D5D /* strtold.c */,
				05110E701A92232700375D5D /* strtoll.c */,
				05110E711A92232700375D5D /* strtoul.c */,
				05110E721A92232700375D5D /* strtoull.c */,
				05110E731A92232700375D5D /* system.c */,
				05110E741A92232700375D5D /* wcstombs.c */,
				05110E751A92232700375D5D /* wctomb.c */,
			);
			path = stdlib;
			sourceTree = "<group>";
		};
		05110E761A92232700375D5D /* string */ = {
			isa = PBXGroup;
			children = (
				05110E771A92232700375D5D /* memchr.c */,
				05110E781A92232700375D5D /* memchr.i386.s */,
				05110E791A92232700375D5D /* memchr.x86_64.s */,
				05110E7A1A92232700375D5D /* memcmp.c */,
				05110E7B1A92232700375D5D /* memcpy.c */,
				05110E7C1A92232700375D5D /* memcpy.i386.s */,
				05110E7D1A92232700375D5D /* memcpy.x86_64.s */,
				05110E7E1A92232700375D5D /* memmove.c */,
				05110E7F1A92232700375D5D /* memset.c */,
				05110E801A92232700375D5D /* memset.i386.s */,
				05110E811A92232700375D5D /* memset.x86_64.s */,
				05110E821A92232700375D5D /* strcat.c */,
				05110E831A92232700375D5D /* strchr.c */,
				05110E841A92232700375D5D /* strcmp.c */,
				05110E851A92232700375D5D /* strcoll.c */,
				05110E861A92232700375D5D /* strcpy.c */,
				05110E871A92232700375D5D /* strcspn.c */,
				05110E881A92232700375D5D /* strerror.c */,
				05110E891A92232700375D5D /* strlen.c */,
				05110E8A1A92232700375D5D /* strlen.i386.s */,
				05110E8B1A92232700375D5D /* strlen.x86_64.s */,
				05110E8C1A92232700375D5D /* strncat.c */,
				05110E8D1A92232700375D5D /* strncmp.c */,
				05110E8E1A92232700375D5D /* strncpy.c */,
				05110E8F1A92232700375D5D /* strpbrk.c */,
				05110E901A92232700375D5D /* strrchr.c */,
				05110E911A92232700375D5D /* strspn.c */,
				05110E921A92232700375D5D /* strstr.c */,
				05110E931A92232700375D5D /* strtok.c */,
				05110E941A92232700375D5D /* strxfrm.c */,
			);
			path = string;
			sourceTree = "<group>";
		};
		05110E951A92232700375D5D /* time */ = {
			isa = PBXGroup;
			children = (
				05110E961A92232700375D5D /* asctime.c */,
				05110E971A92232700375D5D /* clock.c */,
				05110E981A92232700375D5D /* ctime.c */,
				05110E991A92232700375D5D /* difftime.c */,
				05110E9A1A92232700375D5D /* gmtime.c */,
				05110E9B1A92232700375D5D /* localtime.c */,
				05110E9C1A92232700375D5D /* mktime.c */,
				05110E9D1A92232700375D5D /* strftime.c */,
				05110E9E1A92232700375D5D /* time.c */,
			);
			path = time;
			sourceTree = "<group>";
		};
		055EB3A01A923FFA009ACFEC /* c99 */ = {
			isa = PBXGroup;
			children = (
				055EB3A11A923FFA009ACFEC /* assert.h */,
				055EB3A21A923FFA009ACFEC /* complex.h */,
				055EB3A31A923FFA009ACFEC /* ctype.h */,
				055EB3A41A923FFA009ACFEC /* errno.h */,
				055EB3A51A923FFA009ACFEC /* fenv.h */,
				055EB3A61A923FFA009ACFEC /* float.h */,
				055EB3A71A923FFA009ACFEC /* inttypes.h */,
				055EB3A81A923FFA009ACFEC /* iso646.h */,
				055EB3A91A923FFA009ACFEC /* limits.h */,
				055EB3AA1A923FFA009ACFEC /* locale.h */,
				055EB3AB1A923FFA009ACFEC /* math.h */,
				055EB3AC1A923FFA009ACFEC /* setjmp.h */,
				055EB3AD1A923FFA009ACFEC /* signal.h */,
				055EB3AE1A923FFA009ACFEC /* stdarg.h */,
				055EB3AF1A923FFA009ACFEC /* stdbool.h */,
				055EB3B01A923FFA009ACFEC /* stddef.h */,
				055EB3B11A923FFA009ACFEC /* stdint.h */,
				055EB3B21A923FFA009ACFEC /* stdio.h */,
				055EB3B31A923FFA009ACFEC /* stdlib.h */,
				055EB3B41A923FFA009ACFEC /* string.h */,
				055EB3B51A923FFA009ACFEC /* tgmath.h */,
				055EB3B61A923FFA009ACFEC /* time.h */,
				055EB3B71A923FFA009ACFEC /* wchar.h */,
				055EB3B81A923FFA009ACFEC /* wctype.h */,
			);
			path = c99;
			sourceTree = "<group>";
		};
		0595BA7A17AC11A70021435A = {
			isa = PBXGroup;
			children = (
				05110D121A92232700375D5D /* include */,
				05110D301A92232700375D5D /* Makefile */,
				05110D311A92232700375D5D /* README.md */,
				05110D321A92232700375D5D /* source */,
			);
			sourceTree = "<group>";
		};
/* End PBXGroup section */

/* Begin PBXLegacyTarget section */
		0595BA7F17AC11A70021435A /* XEOS-lib-c99 */ = {
			isa = PBXLegacyTarget;
			buildArgumentsString = "$(ACTION)";
			buildConfigurationList = 0595BA8217AC11A70021435A /* Build configuration list for PBXLegacyTarget "XEOS-lib-c99" */;
			buildPhases = (
			);
			buildToolPath = /usr/bin/make;
			buildWorkingDirectory = "";
			dependencies = (
			);
			name = "XEOS-lib-c99";
			passBuildSettingsInEnvironment = 1;
			productName = "LIB-PTHREAD";
		};
/* End PBXLegacyTarget section */

/* Begin PBXProject section */
		0595BA7B17AC11A70021435A /* Project object */ = {
			isa = PBXProject;
			attributes = {
				LastUpgradeCheck = 0630;
				ORGANIZATIONNAME = "XS-Labs";
			};
			buildConfigurationList = 0595BA7E17AC11A70021435A /* Build configuration list for PBXProject "XEOS-lib-c99" */;
			compatibilityVersion = "Xcode 3.2";
			developmentRegion = English;
			hasScannedForEncodings = 0;
			knownRegions = (
				en,
			);
			mainGroup = 0595BA7A17AC11A70021435A;
			projectDirPath = "";
			projectRoot = "";
			targets = (
				0595BA7F17AC11A70021435A /* XEOS-lib-c99 */,
			);
		};
/* End PBXProject section */

/* Begin XCBuildConfiguration section */
		0595BA8117AC11A70021435A /* Release */ = {
			isa = XCBuildConfiguration;
			buildSettings = {
			};
			name = Release;
		};
		0595BA8417AC11A70021435A /* Release */ = {
			isa = XCBuildConfiguration;
			buildSettings = {
			};
			name = Release;
		};
/* End XCBuildConfiguration section */

/* Begin XCConfigurationList section */
		0595BA7E17AC11A70021435A /* Build configuration list for PBXProject "XEOS-lib-c99" */ = {
			isa = XCConfigurationList;
			buildConfigurations = (
				0595BA8117AC11A70021435A /* Release */,
			);
			defaultConfigurationIsVisible = 0;
			defaultConfigurationName = Release;
		};
		0595BA8217AC11A70021435A /* Build configuration list for PBXLegacyTarget "XEOS-lib-c99" */ = {
			isa = XCConfigurationList;
			buildConfigurations = (
				0595BA8417AC11A70021435A /* Release */,
			);
			defaultConfigurationIsVisible = 0;
			defaultConfigurationName = Release;
		};
/* End XCConfigurationList section */
	};
	rootObject = 0595BA7B17AC11A70021435A /* Project object */;
}
